// !$*UTF8*$!
{
	archiveVersion = 1;
	classes = {
	};
	objectVersion = 46;
	objects = {

/* Begin PBXBuildFile section */
		1F415D8F190CCE96002E15B6 /* Foundation.framework in Frameworks */ = {isa = PBXBuildFile; fileRef = 1F415D8E190CCE96002E15B6 /* Foundation.framework */; };
		1F415D91190CCE96002E15B6 /* CoreGraphics.framework in Frameworks */ = {isa = PBXBuildFile; fileRef = 1F415D90190CCE96002E15B6 /* CoreGraphics.framework */; };
		1F415D93190CCE96002E15B6 /* UIKit.framework in Frameworks */ = {isa = PBXBuildFile; fileRef = 1F415D92190CCE96002E15B6 /* UIKit.framework */; };
		1F415D99190CCE96002E15B6 /* InfoPlist.strings in Resources */ = {isa = PBXBuildFile; fileRef = 1F415D97190CCE96002E15B6 /* InfoPlist.strings */; };
		1F415D9B190CCE96002E15B6 /* main.m in Sources */ = {isa = PBXBuildFile; fileRef = 1F415D9A190CCE96002E15B6 /* main.m */; };
		1F415D9F190CCE96002E15B6 /* AppDelegate.m in Sources */ = {isa = PBXBuildFile; fileRef = 1F415D9E190CCE96002E15B6 /* AppDelegate.m */; };
		1F415DA2190CCE96002E15B6 /* Main.storyboard in Resources */ = {isa = PBXBuildFile; fileRef = 1F415DA0190CCE96002E15B6 /* Main.storyboard */; };
		1F415DA5190CCE96002E15B6 /* MasterViewController.m in Sources */ = {isa = PBXBuildFile; fileRef = 1F415DA4190CCE96002E15B6 /* MasterViewController.m */; };
		1F415DA8190CCE96002E15B6 /* DetailViewController.m in Sources */ = {isa = PBXBuildFile; fileRef = 1F415DA7190CCE96002E15B6 /* DetailViewController.m */; };
		1F415DAA190CCE96002E15B6 /* Images.xcassets in Resources */ = {isa = PBXBuildFile; fileRef = 1F415DA9190CCE96002E15B6 /* Images.xcassets */; };
		1F415DB1190CCE96002E15B6 /* XCTest.framework in Frameworks */ = {isa = PBXBuildFile; fileRef = 1F415DB0190CCE96002E15B6 /* XCTest.framework */; };
		1F415DB2190CCE96002E15B6 /* Foundation.framework in Frameworks */ = {isa = PBXBuildFile; fileRef = 1F415D8E190CCE96002E15B6 /* Foundation.framework */; };
		1F415DB3190CCE96002E15B6 /* UIKit.framework in Frameworks */ = {isa = PBXBuildFile; fileRef = 1F415D92190CCE96002E15B6 /* UIKit.framework */; };
		1F415DBB190CCE96002E15B6 /* InfoPlist.strings in Resources */ = {isa = PBXBuildFile; fileRef = 1F415DB9190CCE96002E15B6 /* InfoPlist.strings */; };
		1F415DBD190CCE96002E15B6 /* FailedBanksTests.m in Sources */ = {isa = PBXBuildFile; fileRef = 1F415DBC190CCE96002E15B6 /* FailedBanksTests.m */; };
		1F415DC7190CCF1C002E15B6 /* libsqlite3.dylib in Frameworks */ = {isa = PBXBuildFile; fileRef = 1F415DC6190CCF1C002E15B6 /* libsqlite3.dylib */; };
		1F415DC9190CCF48002E15B6 /* banklist.csv in Resources */ = {isa = PBXBuildFile; fileRef = 1F415DC8190CCF48002E15B6 /* banklist.csv */; };
		1F415DCC190CCF91002E15B6 /* FailedBankInfo.m in Sources */ = {isa = PBXBuildFile; fileRef = 1F415DCB190CCF91002E15B6 /* FailedBankInfo.m */; };
		1F415DCF190CD00C002E15B6 /* FailedBankDatabase.m in Sources */ = {isa = PBXBuildFile; fileRef = 1F415DCE190CD00C002E15B6 /* FailedBankDatabase.m */; };
/* End PBXBuildFile section */

/* Begin PBXContainerItemProxy section */
		1F415DB4190CCE96002E15B6 /* PBXContainerItemProxy */ = {
			isa = PBXContainerItemProxy;
			containerPortal = 1F415D83190CCE96002E15B6 /* Project object */;
			proxyType = 1;
			remoteGlobalIDString = 1F415D8A190CCE96002E15B6;
			remoteInfo = FailedBanks;
		};
/* End PBXContainerItemProxy section */

/* Begin PBXFileReference section */
		1F415D8B190CCE96002E15B6 /* FailedBanks.app */ = {isa = PBXFileReference; explicitFileType = wrapper.application; includeInIndex = 0; path = FailedBanks.app; sourceTree = BUILT_PRODUCTS_DIR; };
		1F415D8E190CCE96002E15B6 /* Foundation.framework */ = {isa = PBXFileReference; lastKnownFileType = wrapper.framework; name = Foundation.framework; path = System/Library/Frameworks/Foundation.framework; sourceTree = SDKROOT; };
		1F415D90190CCE96002E15B6 /* CoreGraphics.framework */ = {isa = PBXFileReference; lastKnownFileType = wrapper.framework; name = CoreGraphics.framework; path = System/Library/Frameworks/CoreGraphics.framework; sourceTree = SDKROOT; };
		1F415D92190CCE96002E15B6 /* UIKit.framework */ = {isa = PBXFileReference; lastKnownFileType = wrapper.framework; name = UIKit.framework; path = System/Library/Frameworks/UIKit.framework; sourceTree = SDKROOT; };
		1F415D96190CCE96002E15B6 /* FailedBanks-Info.plist */ = {isa = PBXFileReference; lastKnownFileType = text.plist.xml; path = "FailedBanks-Info.plist"; sourceTree = "<group>"; };
		1F415D98190CCE96002E15B6 /* en */ = {isa = PBXFileReference; lastKnownFileType = text.plist.strings; name = en; path = en.lproj/InfoPlist.strings; sourceTree = "<group>"; };
		1F415D9A190CCE96002E15B6 /* main.m */ = {isa = PBXFileReference; lastKnownFileType = sourcecode.c.objc; path = main.m; sourceTree = "<group>"; };
		1F415D9C190CCE96002E15B6 /* FailedBanks-Prefix.pch */ = {isa = PBXFileReference; lastKnownFileType = sourcecode.c.h; path = "FailedBanks-Prefix.pch"; sourceTree = "<group>"; };
		1F415D9D190CCE96002E15B6 /* AppDelegate.h */ = {isa = PBXFileReference; lastKnownFileType = sourcecode.c.h; path = AppDelegate.h; sourceTree = "<group>"; };
		1F415D9E190CCE96002E15B6 /* AppDelegate.m */ = {isa = PBXFileReference; lastKnownFileType = sourcecode.c.objc; path = AppDelegate.m; sourceTree = "<group>"; };
		1F415DA1190CCE96002E15B6 /* Base */ = {isa = PBXFileReference; lastKnownFileType = file.storyboard; name = Base; path = Base.lproj/Main.storyboard; sourceTree = "<group>"; };
		1F415DA3190CCE96002E15B6 /* MasterViewController.h */ = {isa = PBXFileReference; lastKnownFileType = sourcecode.c.h; path = MasterViewController.h; sourceTree = "<group>"; };
		1F415DA4190CCE96002E15B6 /* MasterViewController.m */ = {isa = PBXFileReference; lastKnownFileType = sourcecode.c.objc; path = MasterViewController.m; sourceTree = "<group>"; };
		1F415DA6190CCE96002E15B6 /* DetailViewController.h */ = {isa = PBXFileReference; lastKnownFileType = sourcecode.c.h; path = DetailViewController.h; sourceTree = "<group>"; };
		1F415DA7190CCE96002E15B6 /* DetailViewController.m */ = {isa = PBXFileReference; lastKnownFileType = sourcecode.c.objc; path = DetailViewController.m; sourceTree = "<group>"; };
		1F415DA9190CCE96002E15B6 /* Images.xcassets */ = {isa = PBXFileReference; lastKnownFileType = folder.assetcatalog; path = Images.xcassets; sourceTree = "<group>"; };
		1F415DAF190CCE96002E15B6 /* FailedBanksTests.xctest */ = {isa = PBXFileReference; explicitFileType = wrapper.cfbundle; includeInIndex = 0; path = FailedBanksTests.xctest; sourceTree = BUILT_PRODUCTS_DIR; };
		1F415DB0190CCE96002E15B6 /* XCTest.framework */ = {isa = PBXFileReference; lastKnownFileType = wrapper.framework; name = XCTest.framework; path = Library/Frameworks/XCTest.framework; sourceTree = DEVELOPER_DIR; };
		1F415DB8190CCE96002E15B6 /* FailedBanksTests-Info.plist */ = {isa = PBXFileReference; lastKnownFileType = text.plist.xml; path = "FailedBanksTests-Info.plist"; sourceTree = "<group>"; };
		1F415DBA190CCE96002E15B6 /* en */ = {isa = PBXFileReference; lastKnownFileType = text.plist.strings; name = en; path = en.lproj/InfoPlist.strings; sourceTree = "<group>"; };
		1F415DBC190CCE96002E15B6 /* FailedBanksTests.m */ = {isa = PBXFileReference; lastKnownFileType = sourcecode.c.objc; path = FailedBanksTests.m; sourceTree = "<group>"; };
		1F415DC6190CCF1C002E15B6 /* libsqlite3.dylib */ = {isa = PBXFileReference; lastKnownFileType = "compiled.mach-o.dylib"; name = libsqlite3.dylib; path = usr/lib/libsqlite3.dylib; sourceTree = SDKROOT; };
		1F415DC8190CCF48002E15B6 /* banklist.csv */ = {isa = PBXFileReference; fileEncoding = 4; lastKnownFileType = text; name = banklist.csv; path = ../../../sqlite3/banklist.csv; sourceTree = "<group>"; };
		1F415DCA190CCF91002E15B6 /* FailedBankInfo.h */ = {isa = PBXFileReference; fileEncoding = 4; lastKnownFileType = sourcecode.c.h; path = FailedBankInfo.h; sourceTree = "<group>"; };
		1F415DCB190CCF91002E15B6 /* FailedBankInfo.m */ = {isa = PBXFileReference; fileEncoding = 4; lastKnownFileType = sourcecode.c.objc; path = FailedBankInfo.m; sourceTree = "<group>"; };
		1F415DCD190CD00C002E15B6 /* FailedBankDatabase.h */ = {isa = PBXFileReference; fileEncoding = 4; lastKnownFileType = sourcecode.c.h; path = FailedBankDatabase.h; sourceTree = "<group>"; };
		1F415DCE190CD00C002E15B6 /* FailedBankDatabase.m */ = {isa = PBXFileReference; fileEncoding = 4; lastKnownFileType = sourcecode.c.objc; path = FailedBankDatabase.m; sourceTree = "<group>"; };
/* End PBXFileReference section */

/* Begin PBXFrameworksBuildPhase section */
		1F415D88190CCE96002E15B6 /* Frameworks */ = {
			isa = PBXFrameworksBuildPhase;
			buildActionMask = 2147483647;
			files = (
				1F415DC7190CCF1C002E15B6 /* libsqlite3.dylib in Frameworks */,
				1F415D91190CCE96002E15B6 /* CoreGraphics.framework in Frameworks */,
				1F415D93190CCE96002E15B6 /* UIKit.framework in Frameworks */,
				1F415D8F190CCE96002E15B6 /* Foundation.framework in Frameworks */,
			);
			runOnlyForDeploymentPostprocessing = 0;
		};
		1F415DAC190CCE96002E15B6 /* Frameworks */ = {
			isa = PBXFrameworksBuildPhase;
			buildActionMask = 2147483647;
			files = (
				1F415DB1190CCE96002E15B6 /* XCTest.framework in Frameworks */,
				1F415DB3190CCE96002E15B6 /* UIKit.framework in Frameworks */,
				1F415DB2190CCE96002E15B6 /* Foundation.framework in Frameworks */,
			);
			runOnlyForDeploymentPostprocessing = 0;
		};
/* End PBXFrameworksBuildPhase section */

/* Begin PBXGroup section */
		1F415D82190CCE96002E15B6 = {
			isa = PBXGroup;
			children = (
				1F415D94190CCE96002E15B6 /* FailedBanks */,
				1F415DB6190CCE96002E15B6 /* FailedBanksTests */,
				1F415D8D190CCE96002E15B6 /* Frameworks */,
				1F415D8C190CCE96002E15B6 /* Products */,
			);
			sourceTree = "<group>";
		};
		1F415D8C190CCE96002E15B6 /* Products */ = {
			isa = PBXGroup;
			children = (
				1F415D8B190CCE96002E15B6 /* FailedBanks.app */,
				1F415DAF190CCE96002E15B6 /* FailedBanksTests.xctest */,
			);
			name = Products;
			sourceTree = "<group>";
		};
		1F415D8D190CCE96002E15B6 /* Frameworks */ = {
			isa = PBXGroup;
			children = (
				1F415DC6190CCF1C002E15B6 /* libsqlite3.dylib */,
				1F415D8E190CCE96002E15B6 /* Foundation.framework */,
				1F415D90190CCE96002E15B6 /* CoreGraphics.framework */,
				1F415D92190CCE96002E15B6 /* UIKit.framework */,
				1F415DB0190CCE96002E15B6 /* XCTest.framework */,
			);
			name = Frameworks;
			sourceTree = "<group>";
		};
		1F415D94190CCE96002E15B6 /* FailedBanks */ = {
			isa = PBXGroup;
			children = (
				1F415DC8190CCF48002E15B6 /* banklist.csv */,
				1F415DCA190CCF91002E15B6 /* FailedBankInfo.h */,
				1F415DCB190CCF91002E15B6 /* FailedBankInfo.m */,
				1F415DCD190CD00C002E15B6 /* FailedBankDatabase.h */,
				1F415DCE190CD00C002E15B6 /* FailedBankDatabase.m */,
				1F415D9D190CCE96002E15B6 /* AppDelegate.h */,
				1F415D9E190CCE96002E15B6 /* AppDelegate.m */,
				1F415DA0190CCE96002E15B6 /* Main.storyboard */,
				1F415DA3190CCE96002E15B6 /* MasterViewController.h */,
				1F415DA4190CCE96002E15B6 /* MasterViewController.m */,
				1F415DA6190CCE96002E15B6 /* DetailViewController.h */,
				1F415DA7190CCE96002E15B6 /* DetailViewController.m */,
				1F415DA9190CCE96002E15B6 /* Images.xcassets */,
				1F415D95190CCE96002E15B6 /* Supporting Files */,
			);
			path = FailedBanks;
			sourceTree = "<group>";
		};
		1F415D95190CCE96002E15B6 /* Supporting Files */ = {
			isa = PBXGroup;
			children = (
				1F415D96190CCE96002E15B6 /* FailedBanks-Info.plist */,
				1F415D97190CCE96002E15B6 /* InfoPlist.strings */,
				1F415D9A190CCE96002E15B6 /* main.m */,
				1F415D9C190CCE96002E15B6 /* FailedBanks-Prefix.pch */,
			);
			name = "Supporting Files";
			sourceTree = "<group>";
		};
		1F415DB6190CCE96002E15B6 /* FailedBanksTests */ = {
			isa = PBXGroup;
			children = (
				1F415DBC190CCE96002E15B6 /* FailedBanksTests.m */,
				1F415DB7190CCE96002E15B6 /* Supporting Files */,
			);
			path = FailedBanksTests;
			sourceTree = "<group>";
		};
		1F415DB7190CCE96002E15B6 /* Supporting Files */ = {
			isa = PBXGroup;
			children = (
				1F415DB8190CCE96002E15B6 /* FailedBanksTests-Info.plist */,
				1F415DB9190CCE96002E15B6 /* InfoPlist.strings */,
			);
			name = "Supporting Files";
			sourceTree = "<group>";
		};
/* End PBXGroup section */

/* Begin PBXNativeTarget section */
		1F415D8A190CCE96002E15B6 /* FailedBanks */ = {
			isa = PBXNativeTarget;
			buildConfigurationList = 1F415DC0190CCE96002E15B6 /* Build configuration list for PBXNativeTarget "FailedBanks" */;
			buildPhases = (
				1F415D87190CCE96002E15B6 /* Sources */,
				1F415D88190CCE96002E15B6 /* Frameworks */,
				1F415D89190CCE96002E15B6 /* Resources */,
			);
			buildRules = (
			);
			dependencies = (
			);
			name = FailedBanks;
			productName = FailedBanks;
			productReference = 1F415D8B190CCE96002E15B6 /* FailedBanks.app */;
			productType = "com.apple.product-type.application";
		};
		1F415DAE190CCE96002E15B6 /* FailedBanksTests */ = {
			isa = PBXNativeTarget;
			buildConfigurationList = 1F415DC3190CCE96002E15B6 /* Build configuration list for PBXNativeTarget "FailedBanksTests" */;
			buildPhases = (
				1F415DAB190CCE96002E15B6 /* Sources */,
				1F415DAC190CCE96002E15B6 /* Frameworks */,
				1F415DAD190CCE96002E15B6 /* Resources */,
			);
			buildRules = (
			);
			dependencies = (
				1F415DB5190CCE96002E15B6 /* PBXTargetDependency */,
			);
			name = FailedBanksTests;
			productName = FailedBanksTests;
			productReference = 1F415DAF190CCE96002E15B6 /* FailedBanksTests.xctest */;
			productType = "com.apple.product-type.bundle.unit-test";
		};
/* End PBXNativeTarget section */

/* Begin PBXProject section */
		1F415D83190CCE96002E15B6 /* Project object */ = {
			isa = PBXProject;
			attributes = {
				LastUpgradeCheck = 0510;
				ORGANIZATIONNAME = "IIT Roorkee";
				TargetAttributes = {
					1F415DAE190CCE96002E15B6 = {
						TestTargetID = 1F415D8A190CCE96002E15B6;
					};
				};
			};
			buildConfigurationList = 1F415D86190CCE96002E15B6 /* Build configuration list for PBXProject "FailedBanks" */;
			compatibilityVersion = "Xcode 3.2";
			developmentRegion = English;
			hasScannedForEncodings = 0;
			knownRegions = (
				en,
				Base,
			);
			mainGroup = 1F415D82190CCE96002E15B6;
			productRefGroup = 1F415D8C190CCE96002E15B6 /* Products */;
			projectDirPath = "";
			projectRoot = "";
			targets = (
				1F415D8A190CCE96002E15B6 /* FailedBanks */,
				1F415DAE190CCE96002E15B6 /* FailedBanksTests */,
			);
		};
/* End PBXProject section */

/* Begin PBXResourcesBuildPhase section */
		1F415D89190CCE96002E15B6 /* Resources */ = {
			isa = PBXResourcesBuildPhase;
			buildActionMask = 2147483647;
			files = (
				1F415DAA190CCE96002E15B6 /* Images.xcassets in Resources */,
				1F415D99190CCE96002E15B6 /* InfoPlist.strings in Resources */,
				1F415DC9190CCF48002E15B6 /* banklist.csv in Resources */,
				1F415DA2190CCE96002E15B6 /* Main.storyboard in Resources */,
			);
			runOnlyForDeploymentPostprocessing = 0;
		};
		1F415DAD190CCE96002E15B6 /* Resources */ = {
			isa = PBXResourcesBuildPhase;
			buildActionMask = 2147483647;
			files = (
				1F415DBB190CCE96002E15B6 /* InfoPlist.strings in Resources */,
			);
			runOnlyForDeploymentPostprocessing = 0;
		};
/* End PBXResourcesBuildPhase section */

/* Begin PBXSourcesBuildPhase section */
		1F415D87190CCE96002E15B6 /* Sources */ = {
			isa = PBXSourcesBuildPhase;
			buildActionMask = 2147483647;
			files = (
				1F415D9F190CCE96002E15B6 /* AppDelegate.m in Sources */,
				1F415DA5190CCE96002E15B6 /* MasterViewController.m in Sources */,
				1F415DCC190CCF91002E15B6 /* FailedBankInfo.m in Sources */,
				1F415DCF190CD00C002E15B6 /* FailedBankDatabase.m in Sources */,
				1F415D9B190CCE96002E15B6 /* main.m in Sources */,
				1F415DA8190CCE96002E15B6 /* DetailViewController.m in Sources */,
			);
			runOnlyForDeploymentPostprocessing = 0;
		};
		1F415DAB190CCE96002E15B6 /* Sources */ = {
			isa = PBXSourcesBuildPhase;
			buildActionMask = 2147483647;
			files = (
				1F415DBD190CCE96002E15B6 /* FailedBanksTests.m in Sources */,
			);
			runOnlyForDeploymentPostprocessing = 0;
		};
/* End PBXSourcesBuildPhase section */

/* Begin PBXTargetDependency section */
		1F415DB5190CCE96002E15B6 /* PBXTargetDependency */ = {
			isa = PBXTargetDependency;
			target = 1F415D8A190CCE96002E15B6 /* FailedBanks */;
			targetProxy = 1F415DB4190CCE96002E15B6 /* PBXContainerItemProxy */;
		};
/* End PBXTargetDependency section */

/* Begin PBXVariantGroup section */
		1F415D97190CCE96002E15B6 /* InfoPlist.strings */ = {
			isa = PBXVariantGroup;
			children = (
				1F415D98190CCE96002E15B6 /* en */,
			);
			name = InfoPlist.strings;
			sourceTree = "<group>";
		};
		1F415DA0190CCE96002E15B6 /* Main.storyboard */ = {
			isa = PBXVariantGroup;
			children = (
				1F415DA1190CCE96002E15B6 /* Base */,
			);
			name = Main.storyboard;
			sourceTree = "<group>";
		};
		1F415DB9190CCE96002E15B6 /* InfoPlist.strings */ = {
			isa = PBXVariantGroup;
			children = (
				1F415DBA190CCE96002E15B6 /* en */,
			);
			name = InfoPlist.strings;
			sourceTree = "<group>";
		};
/* End PBXVariantGroup section */

/* Begin XCBuildConfiguration section */
		1F415DBE190CCE96002E15B6 /* Debug */ = {
			isa = XCBuildConfiguration;
			buildSettings = {
				ALWAYS_SEARCH_USER_PATHS = NO;
				CLANG_CXX_LANGUAGE_STANDARD = "gnu++0x";
				CLANG_CXX_LIBRARY = "libc++";
				CLANG_ENABLE_MODULES = YES;
				CLANG_ENABLE_OBJC_ARC = YES;
				CLANG_WARN_BOOL_CONVERSION = YES;
				CLANG_WARN_CONSTANT_CONVERSION = YES;
				CLANG_WARN_DIRECT_OBJC_ISA_USAGE = YES_ERROR;
				CLANG_WARN_EMPTY_BODY = YES;
				CLANG_WARN_ENUM_CONVERSION = YES;
				CLANG_WARN_INT_CONVERSION = YES;
				CLANG_WARN_OBJC_ROOT_CLASS = YES_ERROR;
				CLANG_WARN__DUPLICATE_METHOD_MATCH = YES;
				"CODE_SIGN_IDENTITY[sdk=iphoneos*]" = "iPhone Developer";
				COPY_PHASE_STRIP = NO;
				GCC_C_LANGUAGE_STANDARD = gnu99;
				GCC_DYNAMIC_NO_PIC = NO;
				GCC_OPTIMIZATION_LEVEL = 0;
				GCC_PREPROCESSOR_DEFINITIONS = (
					"DEBUG=1",
					"$(inherited)",
				);
				GCC_SYMBOLS_PRIVATE_EXTERN = NO;
				GCC_WARN_64_TO_32_BIT_CONVERSION = YES;
				GCC_WARN_ABOUT_RETURN_TYPE = YES_ERROR;
				GCC_WARN_UNDECLARED_SELECTOR = YES;
				GCC_WARN_UNINITIALIZED_AUTOS = YES_AGGRESSIVE;
				GCC_WARN_UNUSED_FUNCTION = YES;
				GCC_WARN_UNUSED_VARIABLE = YES;
				IPHONEOS_DEPLOYMENT_TARGET = 7.1;
				ONLY_ACTIVE_ARCH = YES;
				SDKROOT = iphoneos;
			};
			name = Debug;
		};
		1F415DBF190CCE96002E15B6 /* Release */ = {
			isa = XCBuildConfiguration;
			buildSettings = {
				ALWAYS_SEARCH_USER_PATHS = NO;
				CLANG_CXX_LANGUAGE_STANDARD = "gnu++0x";
				CLANG_CXX_LIBRARY = "libc++";
				CLANG_ENABLE_MODULES = YES;
				CLANG_ENABLE_OBJC_ARC = YES;
				CLANG_WARN_BOOL_CONVERSION = YES;
				CLANG_WARN_CONSTANT_CONVERSION = YES;
				CLANG_WARN_DIRECT_OBJC_ISA_USAGE = YES_ERROR;
				CLANG_WARN_EMPTY_BODY = YES;
				CLANG_WARN_ENUM_CONVERSION = YES;
				CLANG_WARN_INT_CONVERSION = YES;
				CLANG_WARN_OBJC_ROOT_CLASS = YES_ERROR;
				CLANG_WARN__DUPLICATE_METHOD_MATCH = YES;
				"CODE_SIGN_IDENTITY[sdk=iphoneos*]" = "iPhone Developer";
				COPY_PHASE_STRIP = YES;
				ENABLE_NS_ASSERTIONS = NO;
				GCC_C_LANGUAGE_STANDARD = gnu99;
				GCC_WARN_64_TO_32_BIT_CONVERSION = YES;
				GCC_WARN_ABOUT_RETURN_TYPE = YES_ERROR;
				GCC_WARN_UNDECLARED_SELECTOR = YES;
				GCC_WARN_UNINITIALIZED_AUTOS = YES_AGGRESSIVE;
				GCC_WARN_UNUSED_FUNCTION = YES;
				GCC_WARN_UNUSED_VARIABLE = YES;
				IPHONEOS_DEPLOYMENT_TARGET = 7.1;
				SDKROOT = iphoneos;
				VALIDATE_PRODUCT = YES;
			};
			name = Release;
		};
		1F415DC1190CCE96002E15B6 /* Debug */ = {
			isa = XCBuildConfiguration;
			buildSettings = {
				ASSETCATALOG_COMPILER_APPICON_NAME = AppIcon;
				ASSETCATALOG_COMPILER_LAUNCHIMAGE_NAME = LaunchImage;
				GCC_PRECOMPILE_PREFIX_HEADER = YES;
				GCC_PREFIX_HEADER = "FailedBanks/FailedBanks-Prefix.pch";
				INFOPLIST_FILE = "FailedBanks/FailedBanks-Info.plist";
				PRODUCT_NAME = "$(TARGET_NAME)";
				WRAPPER_EXTENSION = app;
			};
			name = Debug;
		};
		1F415DC2190CCE96002E15B6 /* Release */ = {
			isa = XCBuildConfiguration;
			buildSettings = {
				ASSETCATALOG_COMPILER_APPICON_NAME = AppIcon;
				ASSETCATALOG_COMPILER_LAUNCHIMAGE_NAME = LaunchImage;
				GCC_PRECOMPILE_PREFIX_HEADER = YES;
				GCC_PREFIX_HEADER = "FailedBanks/FailedBanks-Prefix.pch";
				INFOPLIST_FILE = "FailedBanks/FailedBanks-Info.plist";
				PRODUCT_NAME = "$(TARGET_NAME)";
				WRAPPER_EXTENSION = app;
			};
			name = Release;
		};
		1F415DC4190CCE96002E15B6 /* Debug */ = {
			isa = XCBuildConfiguration;
			buildSettings = {
				BUNDLE_LOADER = "$(BUILT_PRODUCTS_DIR)/FailedBanks.app/FailedBanks";
				FRAMEWORK_SEARCH_PATHS = (
					"$(SDKROOT)/Developer/Library/Frameworks",
					"$(inherited)",
					"$(DEVELOPER_FRAMEWORKS_DIR)",
				);
				GCC_PRECOMPILE_PREFIX_HEADER = YES;
				GCC_PREFIX_HEADER = "FailedBanks/FailedBanks-Prefix.pch";
				GCC_PREPROCESSOR_DEFINITIONS = (
					"DEBUG=1",
					"$(inherited)",
				);
				INFOPLIST_FILE = "FailedBanksTests/FailedBanksTests-Info.plist";
				PRODUCT_NAME = "$(TARGET_NAME)";
				TEST_HOST = "$(BUNDLE_LOADER)";
				WRAPPER_EXTENSION = xctest;
			};
			name = Debug;
		};
		1F415DC5190CCE96002E15B6 /* Release */ = {
			isa = XCBuildConfiguration;
			buildSettings = {
				BUNDLE_LOADER = "$(BUILT_PRODUCTS_DIR)/FailedBanks.app/FailedBanks";
				FRAMEWORK_SEARCH_PATHS = (
					"$(SDKROOT)/Developer/Library/Frameworks",
					"$(inherited)",
					"$(DEVELOPER_FRAMEWORKS_DIR)",
				);
				GCC_PRECOMPILE_PREFIX_HEADER = YES;
				GCC_PREFIX_HEADER = "FailedBanks/FailedBanks-Prefix.pch";
				INFOPLIST_FILE = "FailedBanksTests/FailedBanksTests-Info.plist";
				PRODUCT_NAME = "$(TARGET_NAME)";
				TEST_HOST = "$(BUNDLE_LOADER)";
				WRAPPER_EXTENSION = xctest;
			};
			name = Release;
		};
/* End XCBuildConfiguration section */

/* Begin XCConfigurationList section */
		1F415D86190CCE96002E15B6 /* Build configuration list for PBXProject "FailedBanks" */ = {
			isa = XCConfigurationList;
			buildConfigurations = (
				1F415DBE190CCE96002E15B6 /* Debug */,
				1F415DBF190CCE96002E15B6 /* Release */,
			);
			defaultConfigurationIsVisible = 0;
			defaultConfigurationName = Release;
		};
		1F415DC0190CCE96002E15B6 /* Build configuration list for PBXNativeTarget "FailedBanks" */ = {
			isa = XCConfigurationList;
			buildConfigurations = (
				1F415DC1190CCE96002E15B6 /* Debug */,
				1F415DC2190CCE96002E15B6 /* Release */,
			);
			defaultConfigurationIsVisible = 0;
		};
		1F415DC3190CCE96002E15B6 /* Build configuration list for PBXNativeTarget "FailedBanksTests" */ = {
			isa = XCConfigurationList;
			buildConfigurations = (
				1F415DC4190CCE96002E15B6 /* Debug */,
				1F415DC5190CCE96002E15B6 /* Release */,
			);
			defaultConfigurationIsVisible = 0;
		};
/* End XCConfigurationList section */
	};
	rootObject = 1F415D83190CCE96002E15B6 /* Project object */;
}
