// !$*UTF8*$!
{
	archiveVersion = 1;
	classes = {
	};
	objectVersion = 46;
	objects = {

/* Begin PBXBuildFile section */
		1FECEB58190A3C6100CC3CC5 /* Foundation.framework in Frameworks */ = {isa = PBXBuildFile; fileRef = 1FECEB57190A3C6100CC3CC5 /* Foundation.framework */; };
		1FECEB5A190A3C6100CC3CC5 /* CoreGraphics.framework in Frameworks */ = {isa = PBXBuildFile; fileRef = 1FECEB59190A3C6100CC3CC5 /* CoreGraphics.framework */; };
		1FECEB5C190A3C6100CC3CC5 /* UIKit.framework in Frameworks */ = {isa = PBXBuildFile; fileRef = 1FECEB5B190A3C6100CC3CC5 /* UIKit.framework */; };
		1FECEB62190A3C6100CC3CC5 /* InfoPlist.strings in Resources */ = {isa = PBXBuildFile; fileRef = 1FECEB60190A3C6100CC3CC5 /* InfoPlist.strings */; };
		1FECEB64190A3C6100CC3CC5 /* main.m in Sources */ = {isa = PBXBuildFile; fileRef = 1FECEB63190A3C6100CC3CC5 /* main.m */; };
		1FECEB68190A3C6100CC3CC5 /* AppDelegate.m in Sources */ = {isa = PBXBuildFile; fileRef = 1FECEB67190A3C6100CC3CC5 /* AppDelegate.m */; };
		1FECEB6B190A3C6100CC3CC5 /* Main.storyboard in Resources */ = {isa = PBXBuildFile; fileRef = 1FECEB69190A3C6100CC3CC5 /* Main.storyboard */; };
		1FECEB6E190A3C6100CC3CC5 /* MasterViewController.m in Sources */ = {isa = PBXBuildFile; fileRef = 1FECEB6D190A3C6100CC3CC5 /* MasterViewController.m */; };
		1FECEB71190A3C6100CC3CC5 /* DetailViewController.m in Sources */ = {isa = PBXBuildFile; fileRef = 1FECEB70190A3C6100CC3CC5 /* DetailViewController.m */; };
		1FECEB73190A3C6100CC3CC5 /* Images.xcassets in Resources */ = {isa = PBXBuildFile; fileRef = 1FECEB72190A3C6100CC3CC5 /* Images.xcassets */; };
		1FECEB7A190A3C6200CC3CC5 /* XCTest.framework in Frameworks */ = {isa = PBXBuildFile; fileRef = 1FECEB79190A3C6200CC3CC5 /* XCTest.framework */; };
		1FECEB7B190A3C6200CC3CC5 /* Foundation.framework in Frameworks */ = {isa = PBXBuildFile; fileRef = 1FECEB57190A3C6100CC3CC5 /* Foundation.framework */; };
		1FECEB7C190A3C6200CC3CC5 /* UIKit.framework in Frameworks */ = {isa = PBXBuildFile; fileRef = 1FECEB5B190A3C6100CC3CC5 /* UIKit.framework */; };
		1FECEB84190A3C6200CC3CC5 /* InfoPlist.strings in Resources */ = {isa = PBXBuildFile; fileRef = 1FECEB82190A3C6200CC3CC5 /* InfoPlist.strings */; };
		1FECEB86190A3C6200CC3CC5 /* SwipeableCellTests.m in Sources */ = {isa = PBXBuildFile; fileRef = 1FECEB85190A3C6200CC3CC5 /* SwipeableCellTests.m */; };
/* End PBXBuildFile section */

/* Begin PBXContainerItemProxy section */
		1FECEB7D190A3C6200CC3CC5 /* PBXContainerItemProxy */ = {
			isa = PBXContainerItemProxy;
			containerPortal = 1FECEB4C190A3C6100CC3CC5 /* Project object */;
			proxyType = 1;
			remoteGlobalIDString = 1FECEB53190A3C6100CC3CC5;
			remoteInfo = SwipeableCell;
		};
/* End PBXContainerItemProxy section */

/* Begin PBXFileReference section */
		1FECEB54190A3C6100CC3CC5 /* SwipeableCell.app */ = {isa = PBXFileReference; explicitFileType = wrapper.application; includeInIndex = 0; path = SwipeableCell.app; sourceTree = BUILT_PRODUCTS_DIR; };
		1FECEB57190A3C6100CC3CC5 /* Foundation.framework */ = {isa = PBXFileReference; lastKnownFileType = wrapper.framework; name = Foundation.framework; path = System/Library/Frameworks/Foundation.framework; sourceTree = SDKROOT; };
		1FECEB59190A3C6100CC3CC5 /* CoreGraphics.framework */ = {isa = PBXFileReference; lastKnownFileType = wrapper.framework; name = CoreGraphics.framework; path = System/Library/Frameworks/CoreGraphics.framework; sourceTree = SDKROOT; };
		1FECEB5B190A3C6100CC3CC5 /* UIKit.framework */ = {isa = PBXFileReference; lastKnownFileType = wrapper.framework; name = UIKit.framework; path = System/Library/Frameworks/UIKit.framework; sourceTree = SDKROOT; };
		1FECEB5F190A3C6100CC3CC5 /* SwipeableCell-Info.plist */ = {isa = PBXFileReference; lastKnownFileType = text.plist.xml; path = "SwipeableCell-Info.plist"; sourceTree = "<group>"; };
		1FECEB61190A3C6100CC3CC5 /* en */ = {isa = PBXFileReference; lastKnownFileType = text.plist.strings; name = en; path = en.lproj/InfoPlist.strings; sourceTree = "<group>"; };
		1FECEB63190A3C6100CC3CC5 /* main.m */ = {isa = PBXFileReference; lastKnownFileType = sourcecode.c.objc; path = main.m; sourceTree = "<group>"; };
		1FECEB65190A3C6100CC3CC5 /* SwipeableCell-Prefix.pch */ = {isa = PBXFileReference; lastKnownFileType = sourcecode.c.h; path = "SwipeableCell-Prefix.pch"; sourceTree = "<group>"; };
		1FECEB66190A3C6100CC3CC5 /* AppDelegate.h */ = {isa = PBXFileReference; lastKnownFileType = sourcecode.c.h; path = AppDelegate.h; sourceTree = "<group>"; };
		1FECEB67190A3C6100CC3CC5 /* AppDelegate.m */ = {isa = PBXFileReference; lastKnownFileType = sourcecode.c.objc; path = AppDelegate.m; sourceTree = "<group>"; };
		1FECEB6A190A3C6100CC3CC5 /* Base */ = {isa = PBXFileReference; lastKnownFileType = file.storyboard; name = Base; path = Base.lproj/Main.storyboard; sourceTree = "<group>"; };
		1FECEB6C190A3C6100CC3CC5 /* MasterViewController.h */ = {isa = PBXFileReference; lastKnownFileType = sourcecode.c.h; path = MasterViewController.h; sourceTree = "<group>"; };
		1FECEB6D190A3C6100CC3CC5 /* MasterViewController.m */ = {isa = PBXFileReference; lastKnownFileType = sourcecode.c.objc; path = MasterViewController.m; sourceTree = "<group>"; };
		1FECEB6F190A3C6100CC3CC5 /* DetailViewController.h */ = {isa = PBXFileReference; lastKnownFileType = sourcecode.c.h; path = DetailViewController.h; sourceTree = "<group>"; };
		1FECEB70190A3C6100CC3CC5 /* DetailViewController.m */ = {isa = PBXFileReference; lastKnownFileType = sourcecode.c.objc; path = DetailViewController.m; sourceTree = "<group>"; };
		1FECEB72190A3C6100CC3CC5 /* Images.xcassets */ = {isa = PBXFileReference; lastKnownFileType = folder.assetcatalog; path = Images.xcassets; sourceTree = "<group>"; };
		1FECEB78190A3C6200CC3CC5 /* SwipeableCellTests.xctest */ = {isa = PBXFileReference; explicitFileType = wrapper.cfbundle; includeInIndex = 0; path = SwipeableCellTests.xctest; sourceTree = BUILT_PRODUCTS_DIR; };
		1FECEB79190A3C6200CC3CC5 /* XCTest.framework */ = {isa = PBXFileReference; lastKnownFileType = wrapper.framework; name = XCTest.framework; path = Library/Frameworks/XCTest.framework; sourceTree = DEVELOPER_DIR; };
		1FECEB81190A3C6200CC3CC5 /* SwipeableCellTests-Info.plist */ = {isa = PBXFileReference; lastKnownFileType = text.plist.xml; path = "SwipeableCellTests-Info.plist"; sourceTree = "<group>"; };
		1FECEB83190A3C6200CC3CC5 /* en */ = {isa = PBXFileReference; lastKnownFileType = text.plist.strings; name = en; path = en.lproj/InfoPlist.strings; sourceTree = "<group>"; };
		1FECEB85190A3C6200CC3CC5 /* SwipeableCellTests.m */ = {isa = PBXFileReference; lastKnownFileType = sourcecode.c.objc; path = SwipeableCellTests.m; sourceTree = "<group>"; };
/* End PBXFileReference section */

/* Begin PBXFrameworksBuildPhase section */
		1FECEB51190A3C6100CC3CC5 /* Frameworks */ = {
			isa = PBXFrameworksBuildPhase;
			buildActionMask = 2147483647;
			files = (
				1FECEB5A190A3C6100CC3CC5 /* CoreGraphics.framework in Frameworks */,
				1FECEB5C190A3C6100CC3CC5 /* UIKit.framework in Frameworks */,
				1FECEB58190A3C6100CC3CC5 /* Foundation.framework in Frameworks */,
			);
			runOnlyForDeploymentPostprocessing = 0;
		};
		1FECEB75190A3C6200CC3CC5 /* Frameworks */ = {
			isa = PBXFrameworksBuildPhase;
			buildActionMask = 2147483647;
			files = (
				1FECEB7A190A3C6200CC3CC5 /* XCTest.framework in Frameworks */,
				1FECEB7C190A3C6200CC3CC5 /* UIKit.framework in Frameworks */,
				1FECEB7B190A3C6200CC3CC5 /* Foundation.framework in Frameworks */,
			);
			runOnlyForDeploymentPostprocessing = 0;
		};
/* End PBXFrameworksBuildPhase section */

/* Begin PBXGroup section */
		1FECEB4B190A3C6100CC3CC5 = {
			isa = PBXGroup;
			children = (
				1FECEB5D190A3C6100CC3CC5 /* SwipeableCell */,
				1FECEB7F190A3C6200CC3CC5 /* SwipeableCellTests */,
				1FECEB56190A3C6100CC3CC5 /* Frameworks */,
				1FECEB55190A3C6100CC3CC5 /* Products */,
			);
			sourceTree = "<group>";
		};
		1FECEB55190A3C6100CC3CC5 /* Products */ = {
			isa = PBXGroup;
			children = (
				1FECEB54190A3C6100CC3CC5 /* SwipeableCell.app */,
				1FECEB78190A3C6200CC3CC5 /* SwipeableCellTests.xctest */,
			);
			name = Products;
			sourceTree = "<group>";
		};
		1FECEB56190A3C6100CC3CC5 /* Frameworks */ = {
			isa = PBXGroup;
			children = (
				1FECEB57190A3C6100CC3CC5 /* Foundation.framework */,
				1FECEB59190A3C6100CC3CC5 /* CoreGraphics.framework */,
				1FECEB5B190A3C6100CC3CC5 /* UIKit.framework */,
				1FECEB79190A3C6200CC3CC5 /* XCTest.framework */,
			);
			name = Frameworks;
			sourceTree = "<group>";
		};
		1FECEB5D190A3C6100CC3CC5 /* SwipeableCell */ = {
			isa = PBXGroup;
			children = (
				1FECEB66190A3C6100CC3CC5 /* AppDelegate.h */,
				1FECEB67190A3C6100CC3CC5 /* AppDelegate.m */,
				1FECEB69190A3C6100CC3CC5 /* Main.storyboard */,
				1FECEB6C190A3C6100CC3CC5 /* MasterViewController.h */,
				1FECEB6D190A3C6100CC3CC5 /* MasterViewController.m */,
				1FECEB6F190A3C6100CC3CC5 /* DetailViewController.h */,
				1FECEB70190A3C6100CC3CC5 /* DetailViewController.m */,
				1FECEB72190A3C6100CC3CC5 /* Images.xcassets */,
				1FECEB5E190A3C6100CC3CC5 /* Supporting Files */,
			);
			path = SwipeableCell;
			sourceTree = "<group>";
		};
		1FECEB5E190A3C6100CC3CC5 /* Supporting Files */ = {
			isa = PBXGroup;
			children = (
				1FECEB5F190A3C6100CC3CC5 /* SwipeableCell-Info.plist */,
				1FECEB60190A3C6100CC3CC5 /* InfoPlist.strings */,
				1FECEB63190A3C6100CC3CC5 /* main.m */,
				1FECEB65190A3C6100CC3CC5 /* SwipeableCell-Prefix.pch */,
			);
			name = "Supporting Files";
			sourceTree = "<group>";
		};
		1FECEB7F190A3C6200CC3CC5 /* SwipeableCellTests */ = {
			isa = PBXGroup;
			children = (
				1FECEB85190A3C6200CC3CC5 /* SwipeableCellTests.m */,
				1FECEB80190A3C6200CC3CC5 /* Supporting Files */,
			);
			path = SwipeableCellTests;
			sourceTree = "<group>";
		};
		1FECEB80190A3C6200CC3CC5 /* Supporting Files */ = {
			isa = PBXGroup;
			children = (
				1FECEB81190A3C6200CC3CC5 /* SwipeableCellTests-Info.plist */,
				1FECEB82190A3C6200CC3CC5 /* InfoPlist.strings */,
			);
			name = "Supporting Files";
			sourceTree = "<group>";
		};
/* End PBXGroup section */

/* Begin PBXNativeTarget section */
		1FECEB53190A3C6100CC3CC5 /* SwipeableCell */ = {
			isa = PBXNativeTarget;
			buildConfigurationList = 1FECEB89190A3C6200CC3CC5 /* Build configuration list for PBXNativeTarget "SwipeableCell" */;
			buildPhases = (
				1FECEB50190A3C6100CC3CC5 /* Sources */,
				1FECEB51190A3C6100CC3CC5 /* Frameworks */,
				1FECEB52190A3C6100CC3CC5 /* Resources */,
			);
			buildRules = (
			);
			dependencies = (
			);
			name = SwipeableCell;
			productName = SwipeableCell;
			productReference = 1FECEB54190A3C6100CC3CC5 /* SwipeableCell.app */;
			productType = "com.apple.product-type.application";
		};
		1FECEB77190A3C6200CC3CC5 /* SwipeableCellTests */ = {
			isa = PBXNativeTarget;
			buildConfigurationList = 1FECEB8C190A3C6200CC3CC5 /* Build configuration list for PBXNativeTarget "SwipeableCellTests" */;
			buildPhases = (
				1FECEB74190A3C6200CC3CC5 /* Sources */,
				1FECEB75190A3C6200CC3CC5 /* Frameworks */,
				1FECEB76190A3C6200CC3CC5 /* Resources */,
			);
			buildRules = (
			);
			dependencies = (
				1FECEB7E190A3C6200CC3CC5 /* PBXTargetDependency */,
			);
			name = SwipeableCellTests;
			productName = SwipeableCellTests;
			productReference = 1FECEB78190A3C6200CC3CC5 /* SwipeableCellTests.xctest */;
			productType = "com.apple.product-type.bundle.unit-test";
		};
/* End PBXNativeTarget section */

/* Begin PBXProject section */
		1FECEB4C190A3C6100CC3CC5 /* Project object */ = {
			isa = PBXProject;
			attributes = {
				LastUpgradeCheck = 0510;
				ORGANIZATIONNAME = "IIT Roorkee";
				TargetAttributes = {
					1FECEB77190A3C6200CC3CC5 = {
						TestTargetID = 1FECEB53190A3C6100CC3CC5;
					};
				};
			};
			buildConfigurationList = 1FECEB4F190A3C6100CC3CC5 /* Build configuration list for PBXProject "SwipeableCell" */;
			compatibilityVersion = "Xcode 3.2";
			developmentRegion = English;
			hasScannedForEncodings = 0;
			knownRegions = (
				en,
				Base,
			);
			mainGroup = 1FECEB4B190A3C6100CC3CC5;
			productRefGroup = 1FECEB55190A3C6100CC3CC5 /* Products */;
			projectDirPath = "";
			projectRoot = "";
			targets = (
				1FECEB53190A3C6100CC3CC5 /* SwipeableCell */,
				1FECEB77190A3C6200CC3CC5 /* SwipeableCellTests */,
			);
		};
/* End PBXProject section */

/* Begin PBXResourcesBuildPhase section */
		1FECEB52190A3C6100CC3CC5 /* Resources */ = {
			isa = PBXResourcesBuildPhase;
			buildActionMask = 2147483647;
			files = (
				1FECEB73190A3C6100CC3CC5 /* Images.xcassets in Resources */,
				1FECEB62190A3C6100CC3CC5 /* InfoPlist.strings in Resources */,
				1FECEB6B190A3C6100CC3CC5 /* Main.storyboard in Resources */,
			);
			runOnlyForDeploymentPostprocessing = 0;
		};
		1FECEB76190A3C6200CC3CC5 /* Resources */ = {
			isa = PBXResourcesBuildPhase;
			buildActionMask = 2147483647;
			files = (
				1FECEB84190A3C6200CC3CC5 /* InfoPlist.strings in Resources */,
			);
			runOnlyForDeploymentPostprocessing = 0;
		};
/* End PBXResourcesBuildPhase section */

/* Begin PBXSourcesBuildPhase section */
		1FECEB50190A3C6100CC3CC5 /* Sources */ = {
			isa = PBXSourcesBuildPhase;
			buildActionMask = 2147483647;
			files = (
				1FECEB68190A3C6100CC3CC5 /* AppDelegate.m in Sources */,
				1FECEB6E190A3C6100CC3CC5 /* MasterViewController.m in Sources */,
				1FECEB64190A3C6100CC3CC5 /* main.m in Sources */,
				1FECEB71190A3C6100CC3CC5 /* DetailViewController.m in Sources */,
			);
			runOnlyForDeploymentPostprocessing = 0;
		};
		1FECEB74190A3C6200CC3CC5 /* Sources */ = {
			isa = PBXSourcesBuildPhase;
			buildActionMask = 2147483647;
			files = (
				1FECEB86190A3C6200CC3CC5 /* SwipeableCellTests.m in Sources */,
			);
			runOnlyForDeploymentPostprocessing = 0;
		};
/* End PBXSourcesBuildPhase section */

/* Begin PBXTargetDependency section */
		1FECEB7E190A3C6200CC3CC5 /* PBXTargetDependency */ = {
			isa = PBXTargetDependency;
			target = 1FECEB53190A3C6100CC3CC5 /* SwipeableCell */;
			targetProxy = 1FECEB7D190A3C6200CC3CC5 /* PBXContainerItemProxy */;
		};
/* End PBXTargetDependency section */

/* Begin PBXVariantGroup section */
		1FECEB60190A3C6100CC3CC5 /* InfoPlist.strings */ = {
			isa = PBXVariantGroup;
			children = (
				1FECEB61190A3C6100CC3CC5 /* en */,
			);
			name = InfoPlist.strings;
			sourceTree = "<group>";
		};
		1FECEB69190A3C6100CC3CC5 /* Main.storyboard */ = {
			isa = PBXVariantGroup;
			children = (
				1FECEB6A190A3C6100CC3CC5 /* Base */,
			);
			name = Main.storyboard;
			sourceTree = "<group>";
		};
		1FECEB82190A3C6200CC3CC5 /* InfoPlist.strings */ = {
			isa = PBXVariantGroup;
			children = (
				1FECEB83190A3C6200CC3CC5 /* en */,
			);
			name = InfoPlist.strings;
			sourceTree = "<group>";
		};
/* End PBXVariantGroup section */

/* Begin XCBuildConfiguration section */
		1FECEB87190A3C6200CC3CC5 /* Debug */ = {
			isa = XCBuildConfiguration;
			buildSettings = {
				ALWAYS_SEARCH_USER_PATHS = NO;
				CLANG_CXX_LANGUAGE_STANDARD = "gnu++0x";
				CLANG_CXX_LIBRARY = "libc++";
				CLANG_ENABLE_MODULES = YES;
				CLANG_ENABLE_OBJC_ARC = YES;
				CLANG_WARN_BOOL_CONVERSION = YES;
				CLANG_WARN_CONSTANT_CONVERSION = YES;
				CLANG_WARN_DIRECT_OBJC_ISA_USAGE = YES_ERROR;
				CLANG_WARN_EMPTY_BODY = YES;
				CLANG_WARN_ENUM_CONVERSION = YES;
				CLANG_WARN_INT_CONVERSION = YES;
				CLANG_WARN_OBJC_ROOT_CLASS = YES_ERROR;
				CLANG_WARN__DUPLICATE_METHOD_MATCH = YES;
				"CODE_SIGN_IDENTITY[sdk=iphoneos*]" = "iPhone Developer";
				COPY_PHASE_STRIP = NO;
				GCC_C_LANGUAGE_STANDARD = gnu99;
				GCC_DYNAMIC_NO_PIC = NO;
				GCC_OPTIMIZATION_LEVEL = 0;
				GCC_PREPROCESSOR_DEFINITIONS = (
					"DEBUG=1",
					"$(inherited)",
				);
				GCC_SYMBOLS_PRIVATE_EXTERN = NO;
				GCC_WARN_64_TO_32_BIT_CONVERSION = YES;
				GCC_WARN_ABOUT_RETURN_TYPE = YES_ERROR;
				GCC_WARN_UNDECLARED_SELECTOR = YES;
				GCC_WARN_UNINITIALIZED_AUTOS = YES_AGGRESSIVE;
				GCC_WARN_UNUSED_FUNCTION = YES;
				GCC_WARN_UNUSED_VARIABLE = YES;
				IPHONEOS_DEPLOYMENT_TARGET = 7.1;
				ONLY_ACTIVE_ARCH = YES;
				SDKROOT = iphoneos;
			};
			name = Debug;
		};
		1FECEB88190A3C6200CC3CC5 /* Release */ = {
			isa = XCBuildConfiguration;
			buildSettings = {
				ALWAYS_SEARCH_USER_PATHS = NO;
				CLANG_CXX_LANGUAGE_STANDARD = "gnu++0x";
				CLANG_CXX_LIBRARY = "libc++";
				CLANG_ENABLE_MODULES = YES;
				CLANG_ENABLE_OBJC_ARC = YES;
				CLANG_WARN_BOOL_CONVERSION = YES;
				CLANG_WARN_CONSTANT_CONVERSION = YES;
				CLANG_WARN_DIRECT_OBJC_ISA_USAGE = YES_ERROR;
				CLANG_WARN_EMPTY_BODY = YES;
				CLANG_WARN_ENUM_CONVERSION = YES;
				CLANG_WARN_INT_CONVERSION = YES;
				CLANG_WARN_OBJC_ROOT_CLASS = YES_ERROR;
				CLANG_WARN__DUPLICATE_METHOD_MATCH = YES;
				"CODE_SIGN_IDENTITY[sdk=iphoneos*]" = "iPhone Developer";
				COPY_PHASE_STRIP = YES;
				ENABLE_NS_ASSERTIONS = NO;
				GCC_C_LANGUAGE_STANDARD = gnu99;
				GCC_WARN_64_TO_32_BIT_CONVERSION = YES;
				GCC_WARN_ABOUT_RETURN_TYPE = YES_ERROR;
				GCC_WARN_UNDECLARED_SELECTOR = YES;
				GCC_WARN_UNINITIALIZED_AUTOS = YES_AGGRESSIVE;
				GCC_WARN_UNUSED_FUNCTION = YES;
				GCC_WARN_UNUSED_VARIABLE = YES;
				IPHONEOS_DEPLOYMENT_TARGET = 7.1;
				SDKROOT = iphoneos;
				VALIDATE_PRODUCT = YES;
			};
			name = Release;
		};
		1FECEB8A190A3C6200CC3CC5 /* Debug */ = {
			isa = XCBuildConfiguration;
			buildSettings = {
				ASSETCATALOG_COMPILER_APPICON_NAME = AppIcon;
				ASSETCATALOG_COMPILER_LAUNCHIMAGE_NAME = LaunchImage;
				GCC_PRECOMPILE_PREFIX_HEADER = YES;
				GCC_PREFIX_HEADER = "SwipeableCell/SwipeableCell-Prefix.pch";
				INFOPLIST_FILE = "SwipeableCell/SwipeableCell-Info.plist";
				PRODUCT_NAME = "$(TARGET_NAME)";
				WRAPPER_EXTENSION = app;
			};
			name = Debug;
		};
		1FECEB8B190A3C6200CC3CC5 /* Release */ = {
			isa = XCBuildConfiguration;
			buildSettings = {
				ASSETCATALOG_COMPILER_APPICON_NAME = AppIcon;
				ASSETCATALOG_COMPILER_LAUNCHIMAGE_NAME = LaunchImage;
				GCC_PRECOMPILE_PREFIX_HEADER = YES;
				GCC_PREFIX_HEADER = "SwipeableCell/SwipeableCell-Prefix.pch";
				INFOPLIST_FILE = "SwipeableCell/SwipeableCell-Info.plist";
				PRODUCT_NAME = "$(TARGET_NAME)";
				WRAPPER_EXTENSION = app;
			};
			name = Release;
		};
		1FECEB8D190A3C6200CC3CC5 /* Debug */ = {
			isa = XCBuildConfiguration;
			buildSettings = {
				BUNDLE_LOADER = "$(BUILT_PRODUCTS_DIR)/SwipeableCell.app/SwipeableCell";
				FRAMEWORK_SEARCH_PATHS = (
					"$(SDKROOT)/Developer/Library/Frameworks",
					"$(inherited)",
					"$(DEVELOPER_FRAMEWORKS_DIR)",
				);
				GCC_PRECOMPILE_PREFIX_HEADER = YES;
				GCC_PREFIX_HEADER = "SwipeableCell/SwipeableCell-Prefix.pch";
				GCC_PREPROCESSOR_DEFINITIONS = (
					"DEBUG=1",
					"$(inherited)",
				);
				INFOPLIST_FILE = "SwipeableCellTests/SwipeableCellTests-Info.plist";
				PRODUCT_NAME = "$(TARGET_NAME)";
				TEST_HOST = "$(BUNDLE_LOADER)";
				WRAPPER_EXTENSION = xctest;
			};
			name = Debug;
		};
		1FECEB8E190A3C6200CC3CC5 /* Release */ = {
			isa = XCBuildConfiguration;
			buildSettings = {
				BUNDLE_LOADER = "$(BUILT_PRODUCTS_DIR)/SwipeableCell.app/SwipeableCell";
				FRAMEWORK_SEARCH_PATHS = (
					"$(SDKROOT)/Developer/Library/Frameworks",
					"$(inherited)",
					"$(DEVELOPER_FRAMEWORKS_DIR)",
				);
				GCC_PRECOMPILE_PREFIX_HEADER = YES;
				GCC_PREFIX_HEADER = "SwipeableCell/SwipeableCell-Prefix.pch";
				INFOPLIST_FILE = "SwipeableCellTests/SwipeableCellTests-Info.plist";
				PRODUCT_NAME = "$(TARGET_NAME)";
				TEST_HOST = "$(BUNDLE_LOADER)";
				WRAPPER_EXTENSION = xctest;
			};
			name = Release;
		};
/* End XCBuildConfiguration section */

/* Begin XCConfigurationList section */
		1FECEB4F190A3C6100CC3CC5 /* Build configuration list for PBXProject "SwipeableCell" */ = {
			isa = XCConfigurationList;
			buildConfigurations = (
				1FECEB87190A3C6200CC3CC5 /* Debug */,
				1FECEB88190A3C6200CC3CC5 /* Release */,
			);
			defaultConfigurationIsVisible = 0;
			defaultConfigurationName = Release;
		};
		1FECEB89190A3C6200CC3CC5 /* Build configuration list for PBXNativeTarget "SwipeableCell" */ = {
			isa = XCConfigurationList;
			buildConfigurations = (
				1FECEB8A190A3C6200CC3CC5 /* Debug */,
				1FECEB8B190A3C6200CC3CC5 /* Release */,
			);
			defaultConfigurationIsVisible = 0;
		};
		1FECEB8C190A3C6200CC3CC5 /* Build configuration list for PBXNativeTarget "SwipeableCellTests" */ = {
			isa = XCConfigurationList;
			buildConfigurations = (
				1FECEB8D190A3C6200CC3CC5 /* Debug */,
				1FECEB8E190A3C6200CC3CC5 /* Release */,
			);
			defaultConfigurationIsVisible = 0;
		};
/* End XCConfigurationList section */
	};
	rootObject = 1FECEB4C190A3C6100CC3CC5 /* Project object */;
}
