// !$*UTF8*$!
{
	archiveVersion = 1;
	classes = {
	};
	objectVersion = 46;
	objects = {

/* Begin PBXBuildFile section */
		1F2A70B61A90BF1F009ABB64 /* AppDelegate.swift in Sources */ = {isa = PBXBuildFile; fileRef = 1F2A70B51A90BF1F009ABB64 /* AppDelegate.swift */; };
		1F2A70B81A90BF1F009ABB64 /* ViewController.swift in Sources */ = {isa = PBXBuildFile; fileRef = 1F2A70B71A90BF1F009ABB64 /* ViewController.swift */; };
		1F2A70BB1A90BF1F009ABB64 /* Main.storyboard in Resources */ = {isa = PBXBuildFile; fileRef = 1F2A70B91A90BF1F009ABB64 /* Main.storyboard */; };
		1F2A70BD1A90BF1F009ABB64 /* Images.xcassets in Resources */ = {isa = PBXBuildFile; fileRef = 1F2A70BC1A90BF1F009ABB64 /* Images.xcassets */; };
		1F2A70C01A90BF1F009ABB64 /* LaunchScreen.xib in Resources */ = {isa = PBXBuildFile; fileRef = 1F2A70BE1A90BF1F009ABB64 /* LaunchScreen.xib */; };
		1F2A70CC1A90BF1F009ABB64 /* SwiftCalculatorTests.swift in Sources */ = {isa = PBXBuildFile; fileRef = 1F2A70CB1A90BF1F009ABB64 /* SwiftCalculatorTests.swift */; };
/* End PBXBuildFile section */

/* Begin PBXContainerItemProxy section */
		1F2A70C61A90BF1F009ABB64 /* PBXContainerItemProxy */ = {
			isa = PBXContainerItemProxy;
			containerPortal = 1F2A70A81A90BF1F009ABB64 /* Project object */;
			proxyType = 1;
			remoteGlobalIDString = 1F2A70AF1A90BF1F009ABB64;
			remoteInfo = SwiftCalculator;
		};
/* End PBXContainerItemProxy section */

/* Begin PBXFileReference section */
		1F2A70B01A90BF1F009ABB64 /* SwiftCalculator.app */ = {isa = PBXFileReference; explicitFileType = wrapper.application; includeInIndex = 0; path = SwiftCalculator.app; sourceTree = BUILT_PRODUCTS_DIR; };
		1F2A70B41A90BF1F009ABB64 /* Info.plist */ = {isa = PBXFileReference; lastKnownFileType = text.plist.xml; path = Info.plist; sourceTree = "<group>"; };
		1F2A70B51A90BF1F009ABB64 /* AppDelegate.swift */ = {isa = PBXFileReference; lastKnownFileType = sourcecode.swift; path = AppDelegate.swift; sourceTree = "<group>"; };
		1F2A70B71A90BF1F009ABB64 /* ViewController.swift */ = {isa = PBXFileReference; lastKnownFileType = sourcecode.swift; path = ViewController.swift; sourceTree = "<group>"; };
		1F2A70BA1A90BF1F009ABB64 /* Base */ = {isa = PBXFileReference; lastKnownFileType = file.storyboard; name = Base; path = Base.lproj/Main.storyboard; sourceTree = "<group>"; };
		1F2A70BC1A90BF1F009ABB64 /* Images.xcassets */ = {isa = PBXFileReference; lastKnownFileType = folder.assetcatalog; path = Images.xcassets; sourceTree = "<group>"; };
		1F2A70BF1A90BF1F009ABB64 /* Base */ = {isa = PBXFileReference; lastKnownFileType = file.xib; name = Base; path = Base.lproj/LaunchScreen.xib; sourceTree = "<group>"; };
		1F2A70C51A90BF1F009ABB64 /* SwiftCalculatorTests.xctest */ = {isa = PBXFileReference; explicitFileType = wrapper.cfbundle; includeInIndex = 0; path = SwiftCalculatorTests.xctest; sourceTree = BUILT_PRODUCTS_DIR; };
		1F2A70CA1A90BF1F009ABB64 /* Info.plist */ = {isa = PBXFileReference; lastKnownFileType = text.plist.xml; path = Info.plist; sourceTree = "<group>"; };
		1F2A70CB1A90BF1F009ABB64 /* SwiftCalculatorTests.swift */ = {isa = PBXFileReference; lastKnownFileType = sourcecode.swift; path = SwiftCalculatorTests.swift; sourceTree = "<group>"; };
/* End PBXFileReference section */

/* Begin PBXFrameworksBuildPhase section */
		1F2A70AD1A90BF1F009ABB64 /* Frameworks */ = {
			isa = PBXFrameworksBuildPhase;
			buildActionMask = 2147483647;
			files = (
			);
			runOnlyForDeploymentPostprocessing = 0;
		};
		1F2A70C21A90BF1F009ABB64 /* Frameworks */ = {
			isa = PBXFrameworksBuildPhase;
			buildActionMask = 2147483647;
			files = (
			);
			runOnlyForDeploymentPostprocessing = 0;
		};
/* End PBXFrameworksBuildPhase section */

/* Begin PBXGroup section */
		1F2A70A71A90BF1F009ABB64 = {
			isa = PBXGroup;
			children = (
				1F2A70B21A90BF1F009ABB64 /* SwiftCalculator */,
				1F2A70C81A90BF1F009ABB64 /* SwiftCalculatorTests */,
				1F2A70B11A90BF1F009ABB64 /* Products */,
			);
			sourceTree = "<group>";
		};
		1F2A70B11A90BF1F009ABB64 /* Products */ = {
			isa = PBXGroup;
			children = (
				1F2A70B01A90BF1F009ABB64 /* SwiftCalculator.app */,
				1F2A70C51A90BF1F009ABB64 /* SwiftCalculatorTests.xctest */,
			);
			name = Products;
			sourceTree = "<group>";
		};
		1F2A70B21A90BF1F009ABB64 /* SwiftCalculator */ = {
			isa = PBXGroup;
			children = (
				1F2A70B51A90BF1F009ABB64 /* AppDelegate.swift */,
				1F2A70B71A90BF1F009ABB64 /* ViewController.swift */,
				1F2A70B91A90BF1F009ABB64 /* Main.storyboard */,
				1F2A70BC1A90BF1F009ABB64 /* Images.xcassets */,
				1F2A70BE1A90BF1F009ABB64 /* LaunchScreen.xib */,
				1F2A70B31A90BF1F009ABB64 /* Supporting Files */,
			);
			path = SwiftCalculator;
			sourceTree = "<group>";
		};
		1F2A70B31A90BF1F009ABB64 /* Supporting Files */ = {
			isa = PBXGroup;
			children = (
				1F2A70B41A90BF1F009ABB64 /* Info.plist */,
			);
			name = "Supporting Files";
			sourceTree = "<group>";
		};
		1F2A70C81A90BF1F009ABB64 /* SwiftCalculatorTests */ = {
			isa = PBXGroup;
			children = (
				1F2A70CB1A90BF1F009ABB64 /* SwiftCalculatorTests.swift */,
				1F2A70C91A90BF1F009ABB64 /* Supporting Files */,
			);
			path = SwiftCalculatorTests;
			sourceTree = "<group>";
		};
		1F2A70C91A90BF1F009ABB64 /* Supporting Files */ = {
			isa = PBXGroup;
			children = (
				1F2A70CA1A90BF1F009ABB64 /* Info.plist */,
			);
			name = "Supporting Files";
			sourceTree = "<group>";
		};
/* End PBXGroup section */

/* Begin PBXNativeTarget section */
		1F2A70AF1A90BF1F009ABB64 /* SwiftCalculator */ = {
			isa = PBXNativeTarget;
			buildConfigurationList = 1F2A70CF1A90BF1F009ABB64 /* Build configuration list for PBXNativeTarget "SwiftCalculator" */;
			buildPhases = (
				1F2A70AC1A90BF1F009ABB64 /* Sources */,
				1F2A70AD1A90BF1F009ABB64 /* Frameworks */,
				1F2A70AE1A90BF1F009ABB64 /* Resources */,
			);
			buildRules = (
			);
			dependencies = (
			);
			name = SwiftCalculator;
			productName = SwiftCalculator;
			productReference = 1F2A70B01A90BF1F009ABB64 /* SwiftCalculator.app */;
			productType = "com.apple.product-type.application";
		};
		1F2A70C41A90BF1F009ABB64 /* SwiftCalculatorTests */ = {
			isa = PBXNativeTarget;
			buildConfigurationList = 1F2A70D21A90BF1F009ABB64 /* Build configuration list for PBXNativeTarget "SwiftCalculatorTests" */;
			buildPhases = (
				1F2A70C11A90BF1F009ABB64 /* Sources */,
				1F2A70C21A90BF1F009ABB64 /* Frameworks */,
				1F2A70C31A90BF1F009ABB64 /* Resources */,
			);
			buildRules = (
			);
			dependencies = (
				1F2A70C71A90BF1F009ABB64 /* PBXTargetDependency */,
			);
			name = SwiftCalculatorTests;
			productName = SwiftCalculatorTests;
			productReference = 1F2A70C51A90BF1F009ABB64 /* SwiftCalculatorTests.xctest */;
			productType = "com.apple.product-type.bundle.unit-test";
		};
/* End PBXNativeTarget section */

/* Begin PBXProject section */
		1F2A70A81A90BF1F009ABB64 /* Project object */ = {
			isa = PBXProject;
			attributes = {
				LastUpgradeCheck = 0610;
				ORGANIZATIONNAME = InHouse;
				TargetAttributes = {
					1F2A70AF1A90BF1F009ABB64 = {
						CreatedOnToolsVersion = 6.1.1;
					};
					1F2A70C41A90BF1F009ABB64 = {
						CreatedOnToolsVersion = 6.1.1;
						TestTargetID = 1F2A70AF1A90BF1F009ABB64;
					};
				};
			};
			buildConfigurationList = 1F2A70AB1A90BF1F009ABB64 /* Build configuration list for PBXProject "SwiftCalculator" */;
			compatibilityVersion = "Xcode 3.2";
			developmentRegion = English;
			hasScannedForEncodings = 0;
			knownRegions = (
				en,
				Base,
			);
			mainGroup = 1F2A70A71A90BF1F009ABB64;
			productRefGroup = 1F2A70B11A90BF1F009ABB64 /* Products */;
			projectDirPath = "";
			projectRoot = "";
			targets = (
				1F2A70AF1A90BF1F009ABB64 /* SwiftCalculator */,
				1F2A70C41A90BF1F009ABB64 /* SwiftCalculatorTests */,
			);
		};
/* End PBXProject section */

/* Begin PBXResourcesBuildPhase section */
		1F2A70AE1A90BF1F009ABB64 /* Resources */ = {
			isa = PBXResourcesBuildPhase;
			buildActionMask = 2147483647;
			files = (
				1F2A70BB1A90BF1F009ABB64 /* Main.storyboard in Resources */,
				1F2A70C01A90BF1F009ABB64 /* LaunchScreen.xib in Resources */,
				1F2A70BD1A90BF1F009ABB64 /* Images.xcassets in Resources */,
			);
			runOnlyForDeploymentPostprocessing = 0;
		};
		1F2A70C31A90BF1F009ABB64 /* Resources */ = {
			isa = PBXResourcesBuildPhase;
			buildActionMask = 2147483647;
			files = (
			);
			runOnlyForDeploymentPostprocessing = 0;
		};
/* End PBXResourcesBuildPhase section */

/* Begin PBXSourcesBuildPhase section */
		1F2A70AC1A90BF1F009ABB64 /* Sources */ = {
			isa = PBXSourcesBuildPhase;
			buildActionMask = 2147483647;
			files = (
				1F2A70B81A90BF1F009ABB64 /* ViewController.swift in Sources */,
				1F2A70B61A90BF1F009ABB64 /* AppDelegate.swift in Sources */,
			);
			runOnlyForDeploymentPostprocessing = 0;
		};
		1F2A70C11A90BF1F009ABB64 /* Sources */ = {
			isa = PBXSourcesBuildPhase;
			buildActionMask = 2147483647;
			files = (
				1F2A70CC1A90BF1F009ABB64 /* SwiftCalculatorTests.swift in Sources */,
			);
			runOnlyForDeploymentPostprocessing = 0;
		};
/* End PBXSourcesBuildPhase section */

/* Begin PBXTargetDependency section */
		1F2A70C71A90BF1F009ABB64 /* PBXTargetDependency */ = {
			isa = PBXTargetDependency;
			target = 1F2A70AF1A90BF1F009ABB64 /* SwiftCalculator */;
			targetProxy = 1F2A70C61A90BF1F009ABB64 /* PBXContainerItemProxy */;
		};
/* End PBXTargetDependency section */

/* Begin PBXVariantGroup section */
		1F2A70B91A90BF1F009ABB64 /* Main.storyboard */ = {
			isa = PBXVariantGroup;
			children = (
				1F2A70BA1A90BF1F009ABB64 /* Base */,
			);
			name = Main.storyboard;
			sourceTree = "<group>";
		};
		1F2A70BE1A90BF1F009ABB64 /* LaunchScreen.xib */ = {
			isa = PBXVariantGroup;
			children = (
				1F2A70BF1A90BF1F009ABB64 /* Base */,
			);
			name = LaunchScreen.xib;
			sourceTree = "<group>";
		};
/* End PBXVariantGroup section */

/* Begin XCBuildConfiguration section */
		1F2A70CD1A90BF1F009ABB64 /* Debug */ = {
			isa = XCBuildConfiguration;
			buildSettings = {
				ALWAYS_SEARCH_USER_PATHS = NO;
				CLANG_CXX_LANGUAGE_STANDARD = "gnu++0x";
				CLANG_CXX_LIBRARY = "libc++";
				CLANG_ENABLE_MODULES = YES;
				CLANG_ENABLE_OBJC_ARC = YES;
				CLANG_WARN_BOOL_CONVERSION = YES;
				CLANG_WARN_CONSTANT_CONVERSION = YES;
				CLANG_WARN_DIRECT_OBJC_ISA_USAGE = YES_ERROR;
				CLANG_WARN_EMPTY_BODY = YES;
				CLANG_WARN_ENUM_CONVERSION = YES;
				CLANG_WARN_INT_CONVERSION = YES;
				CLANG_WARN_OBJC_ROOT_CLASS = YES_ERROR;
				CLANG_WARN_UNREACHABLE_CODE = YES;
				CLANG_WARN__DUPLICATE_METHOD_MATCH = YES;
				"CODE_SIGN_IDENTITY[sdk=iphoneos*]" = "iPhone Developer";
				COPY_PHASE_STRIP = NO;
				ENABLE_STRICT_OBJC_MSGSEND = YES;
				GCC_C_LANGUAGE_STANDARD = gnu99;
				GCC_DYNAMIC_NO_PIC = NO;
				GCC_OPTIMIZATION_LEVEL = 0;
				GCC_PREPROCESSOR_DEFINITIONS = (
					"DEBUG=1",
					"$(inherited)",
				);
				GCC_SYMBOLS_PRIVATE_EXTERN = NO;
				GCC_WARN_64_TO_32_BIT_CONVERSION = YES;
				GCC_WARN_ABOUT_RETURN_TYPE = YES_ERROR;
				GCC_WARN_UNDECLARED_SELECTOR = YES;
				GCC_WARN_UNINITIALIZED_AUTOS = YES_AGGRESSIVE;
				GCC_WARN_UNUSED_FUNCTION = YES;
				GCC_WARN_UNUSED_VARIABLE = YES;
				IPHONEOS_DEPLOYMENT_TARGET = 8.1;
				MTL_ENABLE_DEBUG_INFO = YES;
				ONLY_ACTIVE_ARCH = YES;
				SDKROOT = iphoneos;
				SWIFT_OPTIMIZATION_LEVEL = "-Onone";
				TARGETED_DEVICE_FAMILY = "1,2";
			};
			name = Debug;
		};
		1F2A70CE1A90BF1F009ABB64 /* Release */ = {
			isa = XCBuildConfiguration;
			buildSettings = {
				ALWAYS_SEARCH_USER_PATHS = NO;
				CLANG_CXX_LANGUAGE_STANDARD = "gnu++0x";
				CLANG_CXX_LIBRARY = "libc++";
				CLANG_ENABLE_MODULES = YES;
				CLANG_ENABLE_OBJC_ARC = YES;
				CLANG_WARN_BOOL_CONVERSION = YES;
				CLANG_WARN_CONSTANT_CONVERSION = YES;
				CLANG_WARN_DIRECT_OBJC_ISA_USAGE = YES_ERROR;
				CLANG_WARN_EMPTY_BODY = YES;
				CLANG_WARN_ENUM_CONVERSION = YES;
				CLANG_WARN_INT_CONVERSION = YES;
				CLANG_WARN_OBJC_ROOT_CLASS = YES_ERROR;
				CLANG_WARN_UNREACHABLE_CODE = YES;
				CLANG_WARN__DUPLICATE_METHOD_MATCH = YES;
				"CODE_SIGN_IDENTITY[sdk=iphoneos*]" = "iPhone Developer";
				COPY_PHASE_STRIP = YES;
				ENABLE_NS_ASSERTIONS = NO;
				ENABLE_STRICT_OBJC_MSGSEND = YES;
				GCC_C_LANGUAGE_STANDARD = gnu99;
				GCC_WARN_64_TO_32_BIT_CONVERSION = YES;
				GCC_WARN_ABOUT_RETURN_TYPE = YES_ERROR;
				GCC_WARN_UNDECLARED_SELECTOR = YES;
				GCC_WARN_UNINITIALIZED_AUTOS = YES_AGGRESSIVE;
				GCC_WARN_UNUSED_FUNCTION = YES;
				GCC_WARN_UNUSED_VARIABLE = YES;
				IPHONEOS_DEPLOYMENT_TARGET = 8.1;
				MTL_ENABLE_DEBUG_INFO = NO;
				SDKROOT = iphoneos;
				TARGETED_DEVICE_FAMILY = "1,2";
				VALIDATE_PRODUCT = YES;
			};
			name = Release;
		};
		1F2A70D01A90BF1F009ABB64 /* Debug */ = {
			isa = XCBuildConfiguration;
			buildSettings = {
				ASSETCATALOG_COMPILER_APPICON_NAME = AppIcon;
				INFOPLIST_FILE = SwiftCalculator/Info.plist;
				LD_RUNPATH_SEARCH_PATHS = "$(inherited) @executable_path/Frameworks";
				PRODUCT_NAME = "$(TARGET_NAME)";
			};
			name = Debug;
		};
		1F2A70D11A90BF1F009ABB64 /* Release */ = {
			isa = XCBuildConfiguration;
			buildSettings = {
				ASSETCATALOG_COMPILER_APPICON_NAME = AppIcon;
				INFOPLIST_FILE = SwiftCalculator/Info.plist;
				LD_RUNPATH_SEARCH_PATHS = "$(inherited) @executable_path/Frameworks";
				PRODUCT_NAME = "$(TARGET_NAME)";
			};
			name = Release;
		};
		1F2A70D31A90BF1F009ABB64 /* Debug */ = {
			isa = XCBuildConfiguration;
			buildSettings = {
				BUNDLE_LOADER = "$(TEST_HOST)";
				FRAMEWORK_SEARCH_PATHS = (
					"$(SDKROOT)/Developer/Library/Frameworks",
					"$(inherited)",
				);
				GCC_PREPROCESSOR_DEFINITIONS = (
					"DEBUG=1",
					"$(inherited)",
				);
				INFOPLIST_FILE = SwiftCalculatorTests/Info.plist;
				LD_RUNPATH_SEARCH_PATHS = "$(inherited) @executable_path/Frameworks @loader_path/Frameworks";
				PRODUCT_NAME = "$(TARGET_NAME)";
				TEST_HOST = "$(BUILT_PRODUCTS_DIR)/SwiftCalculator.app/SwiftCalculator";
			};
			name = Debug;
		};
		1F2A70D41A90BF1F009ABB64 /* Release */ = {
			isa = XCBuildConfiguration;
			buildSettings = {
				BUNDLE_LOADER = "$(TEST_HOST)";
				FRAMEWORK_SEARCH_PATHS = (
					"$(SDKROOT)/Developer/Library/Frameworks",
					"$(inherited)",
				);
				INFOPLIST_FILE = SwiftCalculatorTests/Info.plist;
				LD_RUNPATH_SEARCH_PATHS = "$(inherited) @executable_path/Frameworks @loader_path/Frameworks";
				PRODUCT_NAME = "$(TARGET_NAME)";
				TEST_HOST = "$(BUILT_PRODUCTS_DIR)/SwiftCalculator.app/SwiftCalculator";
			};
			name = Release;
		};
/* End XCBuildConfiguration section */

/* Begin XCConfigurationList section */
		1F2A70AB1A90BF1F009ABB64 /* Build configuration list for PBXProject "SwiftCalculator" */ = {
			isa = XCConfigurationList;
			buildConfigurations = (
				1F2A70CD1A90BF1F009ABB64 /* Debug */,
				1F2A70CE1A90BF1F009ABB64 /* Release */,
			);
			defaultConfigurationIsVisible = 0;
			defaultConfigurationName = Release;
		};
		1F2A70CF1A90BF1F009ABB64 /* Build configuration list for PBXNativeTarget "SwiftCalculator" */ = {
			isa = XCConfigurationList;
			buildConfigurations = (
				1F2A70D01A90BF1F009ABB64 /* Debug */,
				1F2A70D11A90BF1F009ABB64 /* Release */,
			);
			defaultConfigurationIsVisible = 0;
		};
		1F2A70D21A90BF1F009ABB64 /* Build configuration list for PBXNativeTarget "SwiftCalculatorTests" */ = {
			isa = XCConfigurationList;
			buildConfigurations = (
				1F2A70D31A90BF1F009ABB64 /* Debug */,
				1F2A70D41A90BF1F009ABB64 /* Release */,
			);
			defaultConfigurationIsVisible = 0;
		};
/* End XCConfigurationList section */
	};
	rootObject = 1F2A70A81A90BF1F009ABB64 /* Project object */;
}
