// !$*UTF8*$!
{
	archiveVersion = 1;
	classes = {
	};
	objectVersion = 46;
	objects = {

/* Begin PBXBuildFile section */
		1FE0C529199F14DF00F454E3 /* main.cpp in Sources */ = {isa = PBXBuildFile; fileRef = 1FE0C528199F14DF00F454E3 /* main.cpp */; };
		1FE0C52B199F14DF00F454E3 /* OpenGL.1 in Copy Files */ = {isa = PBXBuildFile; fileRef = 1FE0C52A199F14DF00F454E3 /* OpenGL.1 */; };
		1FE0C533199F152D00F454E3 /* GLUT.framework in Frameworks */ = {isa = PBXBuildFile; fileRef = 1FE0C531199F152D00F454E3 /* GLUT.framework */; };
		1FE0C534199F152D00F454E3 /* OpenGL.framework in Frameworks */ = {isa = PBXBuildFile; fileRef = 1FE0C532199F152D00F454E3 /* OpenGL.framework */; };
/* End PBXBuildFile section */

/* Begin PBXCopyFilesBuildPhase section */
		1FE0C523199F14DF00F454E3 /* Copy Files */ = {
			isa = PBXCopyFilesBuildPhase;
			buildActionMask = 2147483647;
			dstPath = /usr/share/man/man1/;
			dstSubfolderSpec = 0;
			files = (
				1FE0C52B199F14DF00F454E3 /* OpenGL.1 in Copy Files */,
			);
			name = "Copy Files";
			runOnlyForDeploymentPostprocessing = 1;
		};
/* End PBXCopyFilesBuildPhase section */

/* Begin PBXFileReference section */
		1F077C69199F31DC000F34F6 /* shapes.h */ = {isa = PBXFileReference; lastKnownFileType = sourcecode.c.h; name = shapes.h; path = OpenGL/shapes.h; sourceTree = "<group>"; };
		1FE0C525199F14DF00F454E3 /* OpenGL */ = {isa = PBXFileReference; explicitFileType = "compiled.mach-o.executable"; includeInIndex = 0; path = OpenGL; sourceTree = BUILT_PRODUCTS_DIR; };
		1FE0C528199F14DF00F454E3 /* main.cpp */ = {isa = PBXFileReference; lastKnownFileType = sourcecode.cpp.cpp; path = main.cpp; sourceTree = "<group>"; };
		1FE0C52A199F14DF00F454E3 /* OpenGL.1 */ = {isa = PBXFileReference; lastKnownFileType = text.man; path = OpenGL.1; sourceTree = "<group>"; };
		1FE0C531199F152D00F454E3 /* GLUT.framework */ = {isa = PBXFileReference; lastKnownFileType = wrapper.framework; name = GLUT.framework; path = System/Library/Frameworks/GLUT.framework; sourceTree = SDKROOT; };
		1FE0C532199F152D00F454E3 /* OpenGL.framework */ = {isa = PBXFileReference; lastKnownFileType = wrapper.framework; name = OpenGL.framework; path = System/Library/Frameworks/OpenGL.framework; sourceTree = SDKROOT; };
/* End PBXFileReference section */

/* Begin PBXFrameworksBuildPhase section */
		1FE0C522199F14DF00F454E3 /* Frameworks */ = {
			isa = PBXFrameworksBuildPhase;
			buildActionMask = 2147483647;
			files = (
				1FE0C533199F152D00F454E3 /* GLUT.framework in Frameworks */,
				1FE0C534199F152D00F454E3 /* OpenGL.framework in Frameworks */,
			);
			runOnlyForDeploymentPostprocessing = 0;
		};
/* End PBXFrameworksBuildPhase section */

/* Begin PBXGroup section */
		1F077C68199F319C000F34F6 /* Headers */ = {
			isa = PBXGroup;
			children = (
				1F077C69199F31DC000F34F6 /* shapes.h */,
			);
			name = Headers;
			sourceTree = "<group>";
		};
		1FE0C51C199F14DF00F454E3 = {
			isa = PBXGroup;
			children = (
				1FE0C531199F152D00F454E3 /* GLUT.framework */,
				1FE0C532199F152D00F454E3 /* OpenGL.framework */,
				1FE0C527199F14DF00F454E3 /* OpenGL */,
				1F077C68199F319C000F34F6 /* Headers */,
				1FE0C526199F14DF00F454E3 /* Products */,
			);
			sourceTree = "<group>";
		};
		1FE0C526199F14DF00F454E3 /* Products */ = {
			isa = PBXGroup;
			children = (
				1FE0C525199F14DF00F454E3 /* OpenGL */,
			);
			name = Products;
			sourceTree = "<group>";
		};
		1FE0C527199F14DF00F454E3 /* OpenGL */ = {
			isa = PBXGroup;
			children = (
				1FE0C528199F14DF00F454E3 /* main.cpp */,
				1FE0C52A199F14DF00F454E3 /* OpenGL.1 */,
			);
			path = OpenGL;
			sourceTree = "<group>";
		};
/* End PBXGroup section */

/* Begin PBXNativeTarget section */
		1FE0C524199F14DF00F454E3 /* OpenGL */ = {
			isa = PBXNativeTarget;
			buildConfigurationList = 1FE0C52E199F14DF00F454E3 /* Build configuration list for PBXNativeTarget "OpenGL" */;
			buildPhases = (
				1FE0C521199F14DF00F454E3 /* Sources */,
				1FE0C522199F14DF00F454E3 /* Frameworks */,
				1FE0C523199F14DF00F454E3 /* Copy Files */,
			);
			buildRules = (
			);
			dependencies = (
			);
			name = OpenGL;
			productName = OpenGL;
			productReference = 1FE0C525199F14DF00F454E3 /* OpenGL */;
			productType = "com.apple.product-type.tool";
		};
/* End PBXNativeTarget section */

/* Begin PBXProject section */
		1FE0C51D199F14DF00F454E3 /* Project object */ = {
			isa = PBXProject;
			attributes = {
				LastUpgradeCheck = 0510;
				ORGANIZATIONNAME = Samsung;
			};
			buildConfigurationList = 1FE0C520199F14DF00F454E3 /* Build configuration list for PBXProject "OpenGL" */;
			compatibilityVersion = "Xcode 3.2";
			developmentRegion = English;
			hasScannedForEncodings = 0;
			knownRegions = (
				en,
			);
			mainGroup = 1FE0C51C199F14DF00F454E3;
			productRefGroup = 1FE0C526199F14DF00F454E3 /* Products */;
			projectDirPath = "";
			projectRoot = "";
			targets = (
				1FE0C524199F14DF00F454E3 /* OpenGL */,
			);
		};
/* End PBXProject section */

/* Begin PBXSourcesBuildPhase section */
		1FE0C521199F14DF00F454E3 /* Sources */ = {
			isa = PBXSourcesBuildPhase;
			buildActionMask = 2147483647;
			files = (
				1FE0C529199F14DF00F454E3 /* main.cpp in Sources */,
			);
			runOnlyForDeploymentPostprocessing = 0;
		};
/* End PBXSourcesBuildPhase section */

/* Begin XCBuildConfiguration section */
		1FE0C52C199F14DF00F454E3 /* Debug */ = {
			isa = XCBuildConfiguration;
			buildSettings = {
				ALWAYS_SEARCH_USER_PATHS = NO;
				CLANG_CXX_LANGUAGE_STANDARD = "gnu++0x";
				CLANG_CXX_LIBRARY = "libc++";
				CLANG_ENABLE_MODULES = YES;
				CLANG_ENABLE_OBJC_ARC = YES;
				CLANG_WARN_BOOL_CONVERSION = YES;
				CLANG_WARN_CONSTANT_CONVERSION = YES;
				CLANG_WARN_DIRECT_OBJC_ISA_USAGE = YES_ERROR;
				CLANG_WARN_EMPTY_BODY = YES;
				CLANG_WARN_ENUM_CONVERSION = YES;
				CLANG_WARN_INT_CONVERSION = YES;
				CLANG_WARN_OBJC_ROOT_CLASS = YES_ERROR;
				CLANG_WARN__DUPLICATE_METHOD_MATCH = YES;
				COPY_PHASE_STRIP = NO;
				GCC_C_LANGUAGE_STANDARD = gnu99;
				GCC_DYNAMIC_NO_PIC = NO;
				GCC_ENABLE_OBJC_EXCEPTIONS = YES;
				GCC_OPTIMIZATION_LEVEL = 0;
				GCC_PREPROCESSOR_DEFINITIONS = (
					"DEBUG=1",
					"$(inherited)",
				);
				GCC_SYMBOLS_PRIVATE_EXTERN = NO;
				GCC_WARN_64_TO_32_BIT_CONVERSION = YES;
				GCC_WARN_ABOUT_RETURN_TYPE = YES_ERROR;
				GCC_WARN_UNDECLARED_SELECTOR = YES;
				GCC_WARN_UNINITIALIZED_AUTOS = YES_AGGRESSIVE;
				GCC_WARN_UNUSED_FUNCTION = YES;
				GCC_WARN_UNUSED_VARIABLE = YES;
				MACOSX_DEPLOYMENT_TARGET = 10.10;
				ONLY_ACTIVE_ARCH = YES;
				SDKROOT = macosx;
			};
			name = Debug;
		};
		1FE0C52D199F14DF00F454E3 /* Release */ = {
			isa = XCBuildConfiguration;
			buildSettings = {
				ALWAYS_SEARCH_USER_PATHS = NO;
				CLANG_CXX_LANGUAGE_STANDARD = "gnu++0x";
				CLANG_CXX_LIBRARY = "libc++";
				CLANG_ENABLE_MODULES = YES;
				CLANG_ENABLE_OBJC_ARC = YES;
				CLANG_WARN_BOOL_CONVERSION = YES;
				CLANG_WARN_CONSTANT_CONVERSION = YES;
				CLANG_WARN_DIRECT_OBJC_ISA_USAGE = YES_ERROR;
				CLANG_WARN_EMPTY_BODY = YES;
				CLANG_WARN_ENUM_CONVERSION = YES;
				CLANG_WARN_INT_CONVERSION = YES;
				CLANG_WARN_OBJC_ROOT_CLASS = YES_ERROR;
				CLANG_WARN__DUPLICATE_METHOD_MATCH = YES;
				COPY_PHASE_STRIP = YES;
				DEBUG_INFORMATION_FORMAT = "dwarf-with-dsym";
				ENABLE_NS_ASSERTIONS = NO;
				GCC_C_LANGUAGE_STANDARD = gnu99;
				GCC_ENABLE_OBJC_EXCEPTIONS = YES;
				GCC_WARN_64_TO_32_BIT_CONVERSION = YES;
				GCC_WARN_ABOUT_RETURN_TYPE = YES_ERROR;
				GCC_WARN_UNDECLARED_SELECTOR = YES;
				GCC_WARN_UNINITIALIZED_AUTOS = YES_AGGRESSIVE;
				GCC_WARN_UNUSED_FUNCTION = YES;
				GCC_WARN_UNUSED_VARIABLE = YES;
				MACOSX_DEPLOYMENT_TARGET = 10.10;
				SDKROOT = macosx;
			};
			name = Release;
		};
		1FE0C52F199F14DF00F454E3 /* Debug */ = {
			isa = XCBuildConfiguration;
			buildSettings = {
				MACOSX_DEPLOYMENT_TARGET = 10.8;
				PRODUCT_NAME = "$(TARGET_NAME)";
				SDKROOT = macosx10.8;
			};
			name = Debug;
		};
		1FE0C530199F14DF00F454E3 /* Release */ = {
			isa = XCBuildConfiguration;
			buildSettings = {
				MACOSX_DEPLOYMENT_TARGET = 10.8;
				PRODUCT_NAME = "$(TARGET_NAME)";
				SDKROOT = macosx10.8;
			};
			name = Release;
		};
/* End XCBuildConfiguration section */

/* Begin XCConfigurationList section */
		1FE0C520199F14DF00F454E3 /* Build configuration list for PBXProject "OpenGL" */ = {
			isa = XCConfigurationList;
			buildConfigurations = (
				1FE0C52C199F14DF00F454E3 /* Debug */,
				1FE0C52D199F14DF00F454E3 /* Release */,
			);
			defaultConfigurationIsVisible = 0;
			defaultConfigurationName = Release;
		};
		1FE0C52E199F14DF00F454E3 /* Build configuration list for PBXNativeTarget "OpenGL" */ = {
			isa = XCConfigurationList;
			buildConfigurations = (
				1FE0C52F199F14DF00F454E3 /* Debug */,
				1FE0C530199F14DF00F454E3 /* Release */,
			);
			defaultConfigurationIsVisible = 0;
			defaultConfigurationName = Release;
		};
/* End XCConfigurationList section */
	};
	rootObject = 1FE0C51D199F14DF00F454E3 /* Project object */;
}
