// !$*UTF8*$!
{
	archiveVersion = 1;
	classes = {
	};
	objectVersion = 46;
	objects = {

/* Begin PBXBuildFile section */
		1FD3901B193AE56A0098BA47 /* FacebookSDK.framework in Frameworks */ = {isa = PBXBuildFile; fileRef = 1FD3901A193AE56A0098BA47 /* FacebookSDK.framework */; };
		1FD3901D193AE5DC0098BA47 /* FBUserSettingsViewResources.bundle in Resources */ = {isa = PBXBuildFile; fileRef = 1FD3901C193AE5DC0098BA47 /* FBUserSettingsViewResources.bundle */; };
		1FD3901F193AE6100098BA47 /* AdSupport.framework in Frameworks */ = {isa = PBXBuildFile; fileRef = 1FD3901E193AE6100098BA47 /* AdSupport.framework */; };
		1FD39021193AE61B0098BA47 /* Accounts.framework in Frameworks */ = {isa = PBXBuildFile; fileRef = 1FD39020193AE61B0098BA47 /* Accounts.framework */; };
		1FD39023193AE6240098BA47 /* libsqlite3.dylib in Frameworks */ = {isa = PBXBuildFile; fileRef = 1FD39022193AE6240098BA47 /* libsqlite3.dylib */; };
		1FD39025193AE62E0098BA47 /* Security.framework in Frameworks */ = {isa = PBXBuildFile; fileRef = 1FD39024193AE62E0098BA47 /* Security.framework */; };
		1FD39027193AE6360098BA47 /* Social.framework in Frameworks */ = {isa = PBXBuildFile; fileRef = 1FD39026193AE6360098BA47 /* Social.framework */; };
		1FD39029193AE7B40098BA47 /* AudioToolbox.framework in Frameworks */ = {isa = PBXBuildFile; fileRef = 1FD39028193AE7B40098BA47 /* AudioToolbox.framework */; };
		1FD3902B193AE7BD0098BA47 /* CFNetwork.framework in Frameworks */ = {isa = PBXBuildFile; fileRef = 1FD3902A193AE7BD0098BA47 /* CFNetwork.framework */; };
		1FD3902D193AE7CD0098BA47 /* CoreLocation.framework in Frameworks */ = {isa = PBXBuildFile; fileRef = 1FD3902C193AE7CD0098BA47 /* CoreLocation.framework */; };
		1FD3902F193AE7D70098BA47 /* libz.1.1.3.dylib in Frameworks */ = {isa = PBXBuildFile; fileRef = 1FD3902E193AE7D70098BA47 /* libz.1.1.3.dylib */; };
		1FD39031193AE7DF0098BA47 /* MobileCoreServices.framework in Frameworks */ = {isa = PBXBuildFile; fileRef = 1FD39030193AE7DF0098BA47 /* MobileCoreServices.framework */; };
		1FD39033193AE7E70098BA47 /* QuartzCore.framework in Frameworks */ = {isa = PBXBuildFile; fileRef = 1FD39032193AE7E70098BA47 /* QuartzCore.framework */; };
		1FD39035193AE7EF0098BA47 /* StoreKit.framework in Frameworks */ = {isa = PBXBuildFile; fileRef = 1FD39034193AE7EF0098BA47 /* StoreKit.framework */; };
		1FD39037193AE7FA0098BA47 /* SystemConfiguration.framework in Frameworks */ = {isa = PBXBuildFile; fileRef = 1FD39036193AE7FA0098BA47 /* SystemConfiguration.framework */; };
		1FD39039193AE8330098BA47 /* Parse.framework in Frameworks */ = {isa = PBXBuildFile; fileRef = 1FD39038193AE8330098BA47 /* Parse.framework */; };
		1FD3903C193AEC160098BA47 /* Comms.m in Sources */ = {isa = PBXBuildFile; fileRef = 1FD3903B193AEC160098BA47 /* Comms.m */; };
		DA23763C1750A5200075EBEB /* UIKit.framework in Frameworks */ = {isa = PBXBuildFile; fileRef = DA23763B1750A5200075EBEB /* UIKit.framework */; };
		DA23763E1750A5200075EBEB /* Foundation.framework in Frameworks */ = {isa = PBXBuildFile; fileRef = DA23763D1750A5200075EBEB /* Foundation.framework */; };
		DA2376401750A5200075EBEB /* CoreGraphics.framework in Frameworks */ = {isa = PBXBuildFile; fileRef = DA23763F1750A5200075EBEB /* CoreGraphics.framework */; };
		DA2376461750A5200075EBEB /* InfoPlist.strings in Resources */ = {isa = PBXBuildFile; fileRef = DA2376441750A5200075EBEB /* InfoPlist.strings */; };
		DA2376481750A5200075EBEB /* main.m in Sources */ = {isa = PBXBuildFile; fileRef = DA2376471750A5200075EBEB /* main.m */; };
		DA23764C1750A5200075EBEB /* AppDelegate.m in Sources */ = {isa = PBXBuildFile; fileRef = DA23764B1750A5200075EBEB /* AppDelegate.m */; };
		DA23764E1750A5200075EBEB /* Default.png in Resources */ = {isa = PBXBuildFile; fileRef = DA23764D1750A5200075EBEB /* Default.png */; };
		DA2376501750A5200075EBEB /* Default@2x.png in Resources */ = {isa = PBXBuildFile; fileRef = DA23764F1750A5200075EBEB /* Default@2x.png */; };
		DA2376521750A5200075EBEB /* Default-568h@2x.png in Resources */ = {isa = PBXBuildFile; fileRef = DA2376511750A5200075EBEB /* Default-568h@2x.png */; };
		DA2376551750A5200075EBEB /* MainStoryboard.storyboard in Resources */ = {isa = PBXBuildFile; fileRef = DA2376531750A5200075EBEB /* MainStoryboard.storyboard */; };
		DA92298F175A0AED00C2B162 /* FBShare.png in Resources */ = {isa = PBXBuildFile; fileRef = DA92298D175A0AED00C2B162 /* FBShare.png */; };
		DA922990175A0AED00C2B162 /* FBShare@2x.png in Resources */ = {isa = PBXBuildFile; fileRef = DA92298E175A0AED00C2B162 /* FBShare@2x.png */; };
		DA927E4D17561060003D8EB3 /* ImageWallViewController.m in Sources */ = {isa = PBXBuildFile; fileRef = DA927E4C17561060003D8EB3 /* ImageWallViewController.m */; };
		DA927E5317562B6D003D8EB3 /* UploadImageViewController.m in Sources */ = {isa = PBXBuildFile; fileRef = DA927E5217562B6C003D8EB3 /* UploadImageViewController.m */; };
		DAE5025F1775F50F00BA5D2D /* UIImage+Scaling.m in Sources */ = {isa = PBXBuildFile; fileRef = DAE5025E1775F50F00BA5D2D /* UIImage+Scaling.m */; };
		DAE66B621753C40300BE15F2 /* FBLoginViewController.m in Sources */ = {isa = PBXBuildFile; fileRef = DAE66B611753C40300BE15F2 /* FBLoginViewController.m */; };
		DAE66B661753CC4400BE15F2 /* FBLogin.png in Resources */ = {isa = PBXBuildFile; fileRef = DAE66B641753CC4400BE15F2 /* FBLogin.png */; };
		DAE66B671753CC4400BE15F2 /* FBLogin@2x.png in Resources */ = {isa = PBXBuildFile; fileRef = DAE66B651753CC4400BE15F2 /* FBLogin@2x.png */; };
		DAE66B6A1753CFBC00BE15F2 /* Icon.png in Resources */ = {isa = PBXBuildFile; fileRef = DAE66B681753CFBC00BE15F2 /* Icon.png */; };
		DAE66B6B1753CFBC00BE15F2 /* Icon@2x.png in Resources */ = {isa = PBXBuildFile; fileRef = DAE66B691753CFBC00BE15F2 /* Icon@2x.png */; };
/* End PBXBuildFile section */

/* Begin PBXFileReference section */
		1FD3901A193AE56A0098BA47 /* FacebookSDK.framework */ = {isa = PBXFileReference; lastKnownFileType = wrapper.framework; path = FacebookSDK.framework; sourceTree = "<group>"; };
		1FD3901C193AE5DC0098BA47 /* FBUserSettingsViewResources.bundle */ = {isa = PBXFileReference; lastKnownFileType = "wrapper.plug-in"; path = FBUserSettingsViewResources.bundle; sourceTree = "<group>"; };
		1FD3901E193AE6100098BA47 /* AdSupport.framework */ = {isa = PBXFileReference; lastKnownFileType = wrapper.framework; name = AdSupport.framework; path = System/Library/Frameworks/AdSupport.framework; sourceTree = SDKROOT; };
		1FD39020193AE61B0098BA47 /* Accounts.framework */ = {isa = PBXFileReference; lastKnownFileType = wrapper.framework; name = Accounts.framework; path = System/Library/Frameworks/Accounts.framework; sourceTree = SDKROOT; };
		1FD39022193AE6240098BA47 /* libsqlite3.dylib */ = {isa = PBXFileReference; lastKnownFileType = "compiled.mach-o.dylib"; name = libsqlite3.dylib; path = usr/lib/libsqlite3.dylib; sourceTree = SDKROOT; };
		1FD39024193AE62E0098BA47 /* Security.framework */ = {isa = PBXFileReference; lastKnownFileType = wrapper.framework; name = Security.framework; path = System/Library/Frameworks/Security.framework; sourceTree = SDKROOT; };
		1FD39026193AE6360098BA47 /* Social.framework */ = {isa = PBXFileReference; lastKnownFileType = wrapper.framework; name = Social.framework; path = System/Library/Frameworks/Social.framework; sourceTree = SDKROOT; };
		1FD39028193AE7B40098BA47 /* AudioToolbox.framework */ = {isa = PBXFileReference; lastKnownFileType = wrapper.framework; name = AudioToolbox.framework; path = System/Library/Frameworks/AudioToolbox.framework; sourceTree = SDKROOT; };
		1FD3902A193AE7BD0098BA47 /* CFNetwork.framework */ = {isa = PBXFileReference; lastKnownFileType = wrapper.framework; name = CFNetwork.framework; path = System/Library/Frameworks/CFNetwork.framework; sourceTree = SDKROOT; };
		1FD3902C193AE7CD0098BA47 /* CoreLocation.framework */ = {isa = PBXFileReference; lastKnownFileType = wrapper.framework; name = CoreLocation.framework; path = System/Library/Frameworks/CoreLocation.framework; sourceTree = SDKROOT; };
		1FD3902E193AE7D70098BA47 /* libz.1.1.3.dylib */ = {isa = PBXFileReference; lastKnownFileType = "compiled.mach-o.dylib"; name = libz.1.1.3.dylib; path = usr/lib/libz.1.1.3.dylib; sourceTree = SDKROOT; };
		1FD39030193AE7DF0098BA47 /* MobileCoreServices.framework */ = {isa = PBXFileReference; lastKnownFileType = wrapper.framework; name = MobileCoreServices.framework; path = System/Library/Frameworks/MobileCoreServices.framework; sourceTree = SDKROOT; };
		1FD39032193AE7E70098BA47 /* QuartzCore.framework */ = {isa = PBXFileReference; lastKnownFileType = wrapper.framework; name = QuartzCore.framework; path = System/Library/Frameworks/QuartzCore.framework; sourceTree = SDKROOT; };
		1FD39034193AE7EF0098BA47 /* StoreKit.framework */ = {isa = PBXFileReference; lastKnownFileType = wrapper.framework; name = StoreKit.framework; path = System/Library/Frameworks/StoreKit.framework; sourceTree = SDKROOT; };
		1FD39036193AE7FA0098BA47 /* SystemConfiguration.framework */ = {isa = PBXFileReference; lastKnownFileType = wrapper.framework; name = SystemConfiguration.framework; path = System/Library/Frameworks/SystemConfiguration.framework; sourceTree = SDKROOT; };
		1FD39038193AE8330098BA47 /* Parse.framework */ = {isa = PBXFileReference; lastKnownFileType = wrapper.framework; path = Parse.framework; sourceTree = "<group>"; };
		1FD3903A193AEC160098BA47 /* Comms.h */ = {isa = PBXFileReference; fileEncoding = 4; lastKnownFileType = sourcecode.c.h; name = Comms.h; path = FBParse/Comms.h; sourceTree = "<group>"; };
		1FD3903B193AEC160098BA47 /* Comms.m */ = {isa = PBXFileReference; fileEncoding = 4; lastKnownFileType = sourcecode.c.objc; name = Comms.m; path = FBParse/Comms.m; sourceTree = "<group>"; };
		DA2376381750A5200075EBEB /* FBParse.app */ = {isa = PBXFileReference; explicitFileType = wrapper.application; includeInIndex = 0; path = FBParse.app; sourceTree = BUILT_PRODUCTS_DIR; };
		DA23763B1750A5200075EBEB /* UIKit.framework */ = {isa = PBXFileReference; lastKnownFileType = wrapper.framework; name = UIKit.framework; path = System/Library/Frameworks/UIKit.framework; sourceTree = SDKROOT; };
		DA23763D1750A5200075EBEB /* Foundation.framework */ = {isa = PBXFileReference; lastKnownFileType = wrapper.framework; name = Foundation.framework; path = System/Library/Frameworks/Foundation.framework; sourceTree = SDKROOT; };
		DA23763F1750A5200075EBEB /* CoreGraphics.framework */ = {isa = PBXFileReference; lastKnownFileType = wrapper.framework; name = CoreGraphics.framework; path = System/Library/Frameworks/CoreGraphics.framework; sourceTree = SDKROOT; };
		DA2376431750A5200075EBEB /* FBParse-Info.plist */ = {isa = PBXFileReference; lastKnownFileType = text.plist.xml; path = "FBParse-Info.plist"; sourceTree = "<group>"; };
		DA2376451750A5200075EBEB /* en */ = {isa = PBXFileReference; lastKnownFileType = text.plist.strings; name = en; path = en.lproj/InfoPlist.strings; sourceTree = "<group>"; };
		DA2376471750A5200075EBEB /* main.m */ = {isa = PBXFileReference; lastKnownFileType = sourcecode.c.objc; path = main.m; sourceTree = "<group>"; };
		DA2376491750A5200075EBEB /* FBParse-Prefix.pch */ = {isa = PBXFileReference; lastKnownFileType = sourcecode.c.h; path = "FBParse-Prefix.pch"; sourceTree = "<group>"; };
		DA23764A1750A5200075EBEB /* AppDelegate.h */ = {isa = PBXFileReference; lastKnownFileType = sourcecode.c.h; path = AppDelegate.h; sourceTree = "<group>"; };
		DA23764B1750A5200075EBEB /* AppDelegate.m */ = {isa = PBXFileReference; lastKnownFileType = sourcecode.c.objc; path = AppDelegate.m; sourceTree = "<group>"; };
		DA23764D1750A5200075EBEB /* Default.png */ = {isa = PBXFileReference; lastKnownFileType = image.png; path = Default.png; sourceTree = "<group>"; };
		DA23764F1750A5200075EBEB /* Default@2x.png */ = {isa = PBXFileReference; lastKnownFileType = image.png; path = "Default@2x.png"; sourceTree = "<group>"; };
		DA2376511750A5200075EBEB /* Default-568h@2x.png */ = {isa = PBXFileReference; lastKnownFileType = image.png; path = "Default-568h@2x.png"; sourceTree = "<group>"; };
		DA2376541750A5200075EBEB /* en */ = {isa = PBXFileReference; lastKnownFileType = file.storyboard; name = en; path = en.lproj/MainStoryboard.storyboard; sourceTree = "<group>"; };
		DA92298D175A0AED00C2B162 /* FBShare.png */ = {isa = PBXFileReference; lastKnownFileType = image.png; path = FBShare.png; sourceTree = "<group>"; };
		DA92298E175A0AED00C2B162 /* FBShare@2x.png */ = {isa = PBXFileReference; lastKnownFileType = image.png; path = "FBShare@2x.png"; sourceTree = "<group>"; };
		DA927E4B17561060003D8EB3 /* ImageWallViewController.h */ = {isa = PBXFileReference; fileEncoding = 4; lastKnownFileType = sourcecode.c.h; path = ImageWallViewController.h; sourceTree = "<group>"; };
		DA927E4C17561060003D8EB3 /* ImageWallViewController.m */ = {isa = PBXFileReference; fileEncoding = 4; lastKnownFileType = sourcecode.c.objc; path = ImageWallViewController.m; sourceTree = "<group>"; };
		DA927E5117562B6C003D8EB3 /* UploadImageViewController.h */ = {isa = PBXFileReference; fileEncoding = 4; lastKnownFileType = sourcecode.c.h; path = UploadImageViewController.h; sourceTree = "<group>"; };
		DA927E5217562B6C003D8EB3 /* UploadImageViewController.m */ = {isa = PBXFileReference; fileEncoding = 4; lastKnownFileType = sourcecode.c.objc; path = UploadImageViewController.m; sourceTree = "<group>"; };
		DAE5025D1775F50F00BA5D2D /* UIImage+Scaling.h */ = {isa = PBXFileReference; fileEncoding = 4; lastKnownFileType = sourcecode.c.h; path = "UIImage+Scaling.h"; sourceTree = "<group>"; };
		DAE5025E1775F50F00BA5D2D /* UIImage+Scaling.m */ = {isa = PBXFileReference; fileEncoding = 4; lastKnownFileType = sourcecode.c.objc; path = "UIImage+Scaling.m"; sourceTree = "<group>"; };
		DAE66B601753C40300BE15F2 /* FBLoginViewController.h */ = {isa = PBXFileReference; fileEncoding = 4; lastKnownFileType = sourcecode.c.h; path = FBLoginViewController.h; sourceTree = "<group>"; };
		DAE66B611753C40300BE15F2 /* FBLoginViewController.m */ = {isa = PBXFileReference; fileEncoding = 4; lastKnownFileType = sourcecode.c.objc; path = FBLoginViewController.m; sourceTree = "<group>"; };
		DAE66B641753CC4400BE15F2 /* FBLogin.png */ = {isa = PBXFileReference; lastKnownFileType = image.png; path = FBLogin.png; sourceTree = "<group>"; };
		DAE66B651753CC4400BE15F2 /* FBLogin@2x.png */ = {isa = PBXFileReference; lastKnownFileType = image.png; path = "FBLogin@2x.png"; sourceTree = "<group>"; };
		DAE66B681753CFBC00BE15F2 /* Icon.png */ = {isa = PBXFileReference; lastKnownFileType = image.png; path = Icon.png; sourceTree = "<group>"; };
		DAE66B691753CFBC00BE15F2 /* Icon@2x.png */ = {isa = PBXFileReference; lastKnownFileType = image.png; path = "Icon@2x.png"; sourceTree = "<group>"; };
/* End PBXFileReference section */

/* Begin PBXFrameworksBuildPhase section */
		DA2376351750A5200075EBEB /* Frameworks */ = {
			isa = PBXFrameworksBuildPhase;
			buildActionMask = 2147483647;
			files = (
				1FD39037193AE7FA0098BA47 /* SystemConfiguration.framework in Frameworks */,
				1FD39035193AE7EF0098BA47 /* StoreKit.framework in Frameworks */,
				1FD39033193AE7E70098BA47 /* QuartzCore.framework in Frameworks */,
				1FD39031193AE7DF0098BA47 /* MobileCoreServices.framework in Frameworks */,
				1FD3902F193AE7D70098BA47 /* libz.1.1.3.dylib in Frameworks */,
				1FD3902D193AE7CD0098BA47 /* CoreLocation.framework in Frameworks */,
				1FD3902B193AE7BD0098BA47 /* CFNetwork.framework in Frameworks */,
				1FD39029193AE7B40098BA47 /* AudioToolbox.framework in Frameworks */,
				1FD39027193AE6360098BA47 /* Social.framework in Frameworks */,
				1FD39025193AE62E0098BA47 /* Security.framework in Frameworks */,
				1FD39039193AE8330098BA47 /* Parse.framework in Frameworks */,
				1FD39023193AE6240098BA47 /* libsqlite3.dylib in Frameworks */,
				1FD39021193AE61B0098BA47 /* Accounts.framework in Frameworks */,
				1FD3901F193AE6100098BA47 /* AdSupport.framework in Frameworks */,
				DA2376401750A5200075EBEB /* CoreGraphics.framework in Frameworks */,
				1FD3901B193AE56A0098BA47 /* FacebookSDK.framework in Frameworks */,
				DA23763C1750A5200075EBEB /* UIKit.framework in Frameworks */,
				DA23763E1750A5200075EBEB /* Foundation.framework in Frameworks */,
			);
			runOnlyForDeploymentPostprocessing = 0;
		};
/* End PBXFrameworksBuildPhase section */

/* Begin PBXGroup section */
		DA23762F1750A5200075EBEB = {
			isa = PBXGroup;
			children = (
				1FD3903A193AEC160098BA47 /* Comms.h */,
				1FD3903B193AEC160098BA47 /* Comms.m */,
				DA2376411750A5200075EBEB /* FBParse */,
				DA23763A1750A5200075EBEB /* Frameworks */,
				DA2376391750A5200075EBEB /* Products */,
			);
			sourceTree = "<group>";
		};
		DA2376391750A5200075EBEB /* Products */ = {
			isa = PBXGroup;
			children = (
				DA2376381750A5200075EBEB /* FBParse.app */,
			);
			name = Products;
			sourceTree = "<group>";
		};
		DA23763A1750A5200075EBEB /* Frameworks */ = {
			isa = PBXGroup;
			children = (
				1FD39038193AE8330098BA47 /* Parse.framework */,
				1FD39036193AE7FA0098BA47 /* SystemConfiguration.framework */,
				1FD39034193AE7EF0098BA47 /* StoreKit.framework */,
				1FD39032193AE7E70098BA47 /* QuartzCore.framework */,
				1FD39030193AE7DF0098BA47 /* MobileCoreServices.framework */,
				1FD3902E193AE7D70098BA47 /* libz.1.1.3.dylib */,
				1FD3902C193AE7CD0098BA47 /* CoreLocation.framework */,
				1FD3902A193AE7BD0098BA47 /* CFNetwork.framework */,
				1FD39028193AE7B40098BA47 /* AudioToolbox.framework */,
				1FD39026193AE6360098BA47 /* Social.framework */,
				1FD39024193AE62E0098BA47 /* Security.framework */,
				1FD39022193AE6240098BA47 /* libsqlite3.dylib */,
				1FD39020193AE61B0098BA47 /* Accounts.framework */,
				1FD3901E193AE6100098BA47 /* AdSupport.framework */,
				1FD3901C193AE5DC0098BA47 /* FBUserSettingsViewResources.bundle */,
				1FD3901A193AE56A0098BA47 /* FacebookSDK.framework */,
				DA23763B1750A5200075EBEB /* UIKit.framework */,
				DA23763D1750A5200075EBEB /* Foundation.framework */,
				DA23763F1750A5200075EBEB /* CoreGraphics.framework */,
			);
			name = Frameworks;
			sourceTree = "<group>";
		};
		DA2376411750A5200075EBEB /* FBParse */ = {
			isa = PBXGroup;
			children = (
				DA2376531750A5200075EBEB /* MainStoryboard.storyboard */,
				DA23764A1750A5200075EBEB /* AppDelegate.h */,
				DA23764B1750A5200075EBEB /* AppDelegate.m */,
				DAE66B601753C40300BE15F2 /* FBLoginViewController.h */,
				DAE66B611753C40300BE15F2 /* FBLoginViewController.m */,
				DA927E4B17561060003D8EB3 /* ImageWallViewController.h */,
				DA927E4C17561060003D8EB3 /* ImageWallViewController.m */,
				DA927E5117562B6C003D8EB3 /* UploadImageViewController.h */,
				DA927E5217562B6C003D8EB3 /* UploadImageViewController.m */,
				DAE5025D1775F50F00BA5D2D /* UIImage+Scaling.h */,
				DAE5025E1775F50F00BA5D2D /* UIImage+Scaling.m */,
				DAE66B631753CC4400BE15F2 /* Resources */,
				DA2376421750A5200075EBEB /* Supporting Files */,
			);
			path = FBParse;
			sourceTree = "<group>";
		};
		DA2376421750A5200075EBEB /* Supporting Files */ = {
			isa = PBXGroup;
			children = (
				DAE66B681753CFBC00BE15F2 /* Icon.png */,
				DAE66B691753CFBC00BE15F2 /* Icon@2x.png */,
				DA2376431750A5200075EBEB /* FBParse-Info.plist */,
				DA2376441750A5200075EBEB /* InfoPlist.strings */,
				DA2376471750A5200075EBEB /* main.m */,
				DA2376491750A5200075EBEB /* FBParse-Prefix.pch */,
				DA23764D1750A5200075EBEB /* Default.png */,
				DA23764F1750A5200075EBEB /* Default@2x.png */,
				DA2376511750A5200075EBEB /* Default-568h@2x.png */,
			);
			name = "Supporting Files";
			sourceTree = "<group>";
		};
		DAE66B631753CC4400BE15F2 /* Resources */ = {
			isa = PBXGroup;
			children = (
				DA92298D175A0AED00C2B162 /* FBShare.png */,
				DA92298E175A0AED00C2B162 /* FBShare@2x.png */,
				DAE66B641753CC4400BE15F2 /* FBLogin.png */,
				DAE66B651753CC4400BE15F2 /* FBLogin@2x.png */,
			);
			path = Resources;
			sourceTree = "<group>";
		};
/* End PBXGroup section */

/* Begin PBXNativeTarget section */
		DA2376371750A5200075EBEB /* FBParse */ = {
			isa = PBXNativeTarget;
			buildConfigurationList = DA23765B1750A5200075EBEB /* Build configuration list for PBXNativeTarget "FBParse" */;
			buildPhases = (
				DA2376341750A5200075EBEB /* Sources */,
				DA2376351750A5200075EBEB /* Frameworks */,
				DA2376361750A5200075EBEB /* Resources */,
			);
			buildRules = (
			);
			dependencies = (
			);
			name = FBParse;
			productName = FBParse;
			productReference = DA2376381750A5200075EBEB /* FBParse.app */;
			productType = "com.apple.product-type.application";
		};
/* End PBXNativeTarget section */

/* Begin PBXProject section */
		DA2376301750A5200075EBEB /* Project object */ = {
			isa = PBXProject;
			attributes = {
				LastUpgradeCheck = 0460;
				ORGANIZATIONNAME = "Toby Stephens";
			};
			buildConfigurationList = DA2376331750A5200075EBEB /* Build configuration list for PBXProject "FBParse" */;
			compatibilityVersion = "Xcode 3.2";
			developmentRegion = English;
			hasScannedForEncodings = 0;
			knownRegions = (
				en,
			);
			mainGroup = DA23762F1750A5200075EBEB;
			productRefGroup = DA2376391750A5200075EBEB /* Products */;
			projectDirPath = "";
			projectRoot = "";
			targets = (
				DA2376371750A5200075EBEB /* FBParse */,
			);
		};
/* End PBXProject section */

/* Begin PBXResourcesBuildPhase section */
		DA2376361750A5200075EBEB /* Resources */ = {
			isa = PBXResourcesBuildPhase;
			buildActionMask = 2147483647;
			files = (
				DA2376461750A5200075EBEB /* InfoPlist.strings in Resources */,
				DA23764E1750A5200075EBEB /* Default.png in Resources */,
				DA2376501750A5200075EBEB /* Default@2x.png in Resources */,
				DA2376521750A5200075EBEB /* Default-568h@2x.png in Resources */,
				1FD3901D193AE5DC0098BA47 /* FBUserSettingsViewResources.bundle in Resources */,
				DA2376551750A5200075EBEB /* MainStoryboard.storyboard in Resources */,
				DAE66B661753CC4400BE15F2 /* FBLogin.png in Resources */,
				DAE66B671753CC4400BE15F2 /* FBLogin@2x.png in Resources */,
				DAE66B6A1753CFBC00BE15F2 /* Icon.png in Resources */,
				DAE66B6B1753CFBC00BE15F2 /* Icon@2x.png in Resources */,
				DA92298F175A0AED00C2B162 /* FBShare.png in Resources */,
				DA922990175A0AED00C2B162 /* FBShare@2x.png in Resources */,
			);
			runOnlyForDeploymentPostprocessing = 0;
		};
/* End PBXResourcesBuildPhase section */

/* Begin PBXSourcesBuildPhase section */
		DA2376341750A5200075EBEB /* Sources */ = {
			isa = PBXSourcesBuildPhase;
			buildActionMask = 2147483647;
			files = (
				DA2376481750A5200075EBEB /* main.m in Sources */,
				DA23764C1750A5200075EBEB /* AppDelegate.m in Sources */,
				DAE66B621753C40300BE15F2 /* FBLoginViewController.m in Sources */,
				DA927E4D17561060003D8EB3 /* ImageWallViewController.m in Sources */,
				1FD3903C193AEC160098BA47 /* Comms.m in Sources */,
				DA927E5317562B6D003D8EB3 /* UploadImageViewController.m in Sources */,
				DAE5025F1775F50F00BA5D2D /* UIImage+Scaling.m in Sources */,
			);
			runOnlyForDeploymentPostprocessing = 0;
		};
/* End PBXSourcesBuildPhase section */

/* Begin PBXVariantGroup section */
		DA2376441750A5200075EBEB /* InfoPlist.strings */ = {
			isa = PBXVariantGroup;
			children = (
				DA2376451750A5200075EBEB /* en */,
			);
			name = InfoPlist.strings;
			sourceTree = "<group>";
		};
		DA2376531750A5200075EBEB /* MainStoryboard.storyboard */ = {
			isa = PBXVariantGroup;
			children = (
				DA2376541750A5200075EBEB /* en */,
			);
			name = MainStoryboard.storyboard;
			sourceTree = "<group>";
		};
/* End PBXVariantGroup section */

/* Begin XCBuildConfiguration section */
		DA2376591750A5200075EBEB /* Debug */ = {
			isa = XCBuildConfiguration;
			buildSettings = {
				ALWAYS_SEARCH_USER_PATHS = NO;
				CLANG_CXX_LANGUAGE_STANDARD = "gnu++0x";
				CLANG_CXX_LIBRARY = "libc++";
				CLANG_ENABLE_OBJC_ARC = YES;
				CLANG_WARN_CONSTANT_CONVERSION = YES;
				CLANG_WARN_EMPTY_BODY = YES;
				CLANG_WARN_ENUM_CONVERSION = YES;
				CLANG_WARN_INT_CONVERSION = YES;
				CLANG_WARN__DUPLICATE_METHOD_MATCH = YES;
				"CODE_SIGN_IDENTITY[sdk=iphoneos*]" = "iPhone Developer";
				COPY_PHASE_STRIP = NO;
				GCC_C_LANGUAGE_STANDARD = gnu99;
				GCC_DYNAMIC_NO_PIC = NO;
				GCC_OPTIMIZATION_LEVEL = 0;
				GCC_PREPROCESSOR_DEFINITIONS = (
					"DEBUG=1",
					"$(inherited)",
				);
				GCC_SYMBOLS_PRIVATE_EXTERN = NO;
				GCC_WARN_ABOUT_RETURN_TYPE = YES;
				GCC_WARN_UNINITIALIZED_AUTOS = YES;
				GCC_WARN_UNUSED_VARIABLE = YES;
				IPHONEOS_DEPLOYMENT_TARGET = 6.1;
				ONLY_ACTIVE_ARCH = YES;
				SDKROOT = iphoneos;
			};
			name = Debug;
		};
		DA23765A1750A5200075EBEB /* Release */ = {
			isa = XCBuildConfiguration;
			buildSettings = {
				ALWAYS_SEARCH_USER_PATHS = NO;
				CLANG_CXX_LANGUAGE_STANDARD = "gnu++0x";
				CLANG_CXX_LIBRARY = "libc++";
				CLANG_ENABLE_OBJC_ARC = YES;
				CLANG_WARN_CONSTANT_CONVERSION = YES;
				CLANG_WARN_EMPTY_BODY = YES;
				CLANG_WARN_ENUM_CONVERSION = YES;
				CLANG_WARN_INT_CONVERSION = YES;
				CLANG_WARN__DUPLICATE_METHOD_MATCH = YES;
				"CODE_SIGN_IDENTITY[sdk=iphoneos*]" = "iPhone Developer";
				COPY_PHASE_STRIP = YES;
				GCC_C_LANGUAGE_STANDARD = gnu99;
				GCC_WARN_ABOUT_RETURN_TYPE = YES;
				GCC_WARN_UNINITIALIZED_AUTOS = YES;
				GCC_WARN_UNUSED_VARIABLE = YES;
				IPHONEOS_DEPLOYMENT_TARGET = 6.1;
				OTHER_CFLAGS = "-DNS_BLOCK_ASSERTIONS=1";
				SDKROOT = iphoneos;
				VALIDATE_PRODUCT = YES;
			};
			name = Release;
		};
		DA23765C1750A5200075EBEB /* Debug */ = {
			isa = XCBuildConfiguration;
			buildSettings = {
				FRAMEWORK_SEARCH_PATHS = (
					"$(inherited)",
					"$(SRCROOT)",
					"$(PROJECT_DIR)",
				);
				GCC_PRECOMPILE_PREFIX_HEADER = YES;
				GCC_PREFIX_HEADER = "FBParse/FBParse-Prefix.pch";
				INFOPLIST_FILE = "FBParse/FBParse-Info.plist";
				IPHONEOS_DEPLOYMENT_TARGET = 5.1;
				PRODUCT_NAME = "$(TARGET_NAME)";
				WRAPPER_EXTENSION = app;
			};
			name = Debug;
		};
		DA23765D1750A5200075EBEB /* Release */ = {
			isa = XCBuildConfiguration;
			buildSettings = {
				FRAMEWORK_SEARCH_PATHS = (
					"$(inherited)",
					"$(SRCROOT)",
					"$(PROJECT_DIR)",
				);
				GCC_PRECOMPILE_PREFIX_HEADER = YES;
				GCC_PREFIX_HEADER = "FBParse/FBParse-Prefix.pch";
				INFOPLIST_FILE = "FBParse/FBParse-Info.plist";
				IPHONEOS_DEPLOYMENT_TARGET = 5.1;
				PRODUCT_NAME = "$(TARGET_NAME)";
				WRAPPER_EXTENSION = app;
			};
			name = Release;
		};
/* End XCBuildConfiguration section */

/* Begin XCConfigurationList section */
		DA2376331750A5200075EBEB /* Build configuration list for PBXProject "FBParse" */ = {
			isa = XCConfigurationList;
			buildConfigurations = (
				DA2376591750A5200075EBEB /* Debug */,
				DA23765A1750A5200075EBEB /* Release */,
			);
			defaultConfigurationIsVisible = 0;
			defaultConfigurationName = Release;
		};
		DA23765B1750A5200075EBEB /* Build configuration list for PBXNativeTarget "FBParse" */ = {
			isa = XCConfigurationList;
			buildConfigurations = (
				DA23765C1750A5200075EBEB /* Debug */,
				DA23765D1750A5200075EBEB /* Release */,
			);
			defaultConfigurationIsVisible = 0;
			defaultConfigurationName = Release;
		};
/* End XCConfigurationList section */
	};
	rootObject = DA2376301750A5200075EBEB /* Project object */;
}
