// !$*UTF8*$!
{
	archiveVersion = 1;
	classes = {
	};
	objectVersion = 46;
	objects = {

/* Begin PBXBuildFile section */
		1FAA9AC219681083009BC2E0 /* Foundation.framework in Frameworks */ = {isa = PBXBuildFile; fileRef = 1FAA9AC119681083009BC2E0 /* Foundation.framework */; };
		1FAA9AC419681083009BC2E0 /* CoreGraphics.framework in Frameworks */ = {isa = PBXBuildFile; fileRef = 1FAA9AC319681083009BC2E0 /* CoreGraphics.framework */; };
		1FAA9AC619681083009BC2E0 /* UIKit.framework in Frameworks */ = {isa = PBXBuildFile; fileRef = 1FAA9AC519681083009BC2E0 /* UIKit.framework */; };
		1FAA9AC819681083009BC2E0 /* CoreData.framework in Frameworks */ = {isa = PBXBuildFile; fileRef = 1FAA9AC719681083009BC2E0 /* CoreData.framework */; };
		1FAA9ACE19681083009BC2E0 /* InfoPlist.strings in Resources */ = {isa = PBXBuildFile; fileRef = 1FAA9ACC19681083009BC2E0 /* InfoPlist.strings */; };
		1FAA9AD019681083009BC2E0 /* main.m in Sources */ = {isa = PBXBuildFile; fileRef = 1FAA9ACF19681083009BC2E0 /* main.m */; };
		1FAA9AD419681083009BC2E0 /* BIDAppDelegate.m in Sources */ = {isa = PBXBuildFile; fileRef = 1FAA9AD319681083009BC2E0 /* BIDAppDelegate.m */; };
		1FAA9AD719681083009BC2E0 /* View_Switcher.xcdatamodeld in Sources */ = {isa = PBXBuildFile; fileRef = 1FAA9AD519681083009BC2E0 /* View_Switcher.xcdatamodeld */; };
		1FAA9AD919681083009BC2E0 /* Images.xcassets in Resources */ = {isa = PBXBuildFile; fileRef = 1FAA9AD819681083009BC2E0 /* Images.xcassets */; };
		1FAA9AE019681083009BC2E0 /* XCTest.framework in Frameworks */ = {isa = PBXBuildFile; fileRef = 1FAA9ADF19681083009BC2E0 /* XCTest.framework */; };
		1FAA9AE119681083009BC2E0 /* Foundation.framework in Frameworks */ = {isa = PBXBuildFile; fileRef = 1FAA9AC119681083009BC2E0 /* Foundation.framework */; };
		1FAA9AE219681083009BC2E0 /* UIKit.framework in Frameworks */ = {isa = PBXBuildFile; fileRef = 1FAA9AC519681083009BC2E0 /* UIKit.framework */; };
		1FAA9AE319681083009BC2E0 /* CoreData.framework in Frameworks */ = {isa = PBXBuildFile; fileRef = 1FAA9AC719681083009BC2E0 /* CoreData.framework */; };
		1FAA9AEB19681083009BC2E0 /* InfoPlist.strings in Resources */ = {isa = PBXBuildFile; fileRef = 1FAA9AE919681083009BC2E0 /* InfoPlist.strings */; };
		1FAA9AED19681083009BC2E0 /* View_SwitcherTests.m in Sources */ = {isa = PBXBuildFile; fileRef = 1FAA9AEC19681083009BC2E0 /* View_SwitcherTests.m */; };
		1FAA9AF8196811B2009BC2E0 /* BIDSwitchViewController.m in Sources */ = {isa = PBXBuildFile; fileRef = 1FAA9AF7196811B2009BC2E0 /* BIDSwitchViewController.m */; };
		1FAA9AFB19681222009BC2E0 /* BIDBlueViewController.m in Sources */ = {isa = PBXBuildFile; fileRef = 1FAA9AFA19681222009BC2E0 /* BIDBlueViewController.m */; };
		1FAA9AFE19681231009BC2E0 /* BIDYellowViewController.m in Sources */ = {isa = PBXBuildFile; fileRef = 1FAA9AFD19681231009BC2E0 /* BIDYellowViewController.m */; };
		1FAA9B0019681275009BC2E0 /* Main.storyboard in Resources */ = {isa = PBXBuildFile; fileRef = 1FAA9AFF19681275009BC2E0 /* Main.storyboard */; };
		1FD80CDE19DCC5C700B52DA3 /* BIDGreenViewController.m in Sources */ = {isa = PBXBuildFile; fileRef = 1FD80CDD19DCC5C700B52DA3 /* BIDGreenViewController.m */; };
/* End PBXBuildFile section */

/* Begin PBXContainerItemProxy section */
		1FAA9AE419681083009BC2E0 /* PBXContainerItemProxy */ = {
			isa = PBXContainerItemProxy;
			containerPortal = 1FAA9AB619681083009BC2E0 /* Project object */;
			proxyType = 1;
			remoteGlobalIDString = 1FAA9ABD19681083009BC2E0;
			remoteInfo = "View Switcher";
		};
/* End PBXContainerItemProxy section */

/* Begin PBXFileReference section */
		1FAA9ABE19681083009BC2E0 /* View Switcher.app */ = {isa = PBXFileReference; explicitFileType = wrapper.application; includeInIndex = 0; path = "View Switcher.app"; sourceTree = BUILT_PRODUCTS_DIR; };
		1FAA9AC119681083009BC2E0 /* Foundation.framework */ = {isa = PBXFileReference; lastKnownFileType = wrapper.framework; name = Foundation.framework; path = System/Library/Frameworks/Foundation.framework; sourceTree = SDKROOT; };
		1FAA9AC319681083009BC2E0 /* CoreGraphics.framework */ = {isa = PBXFileReference; lastKnownFileType = wrapper.framework; name = CoreGraphics.framework; path = System/Library/Frameworks/CoreGraphics.framework; sourceTree = SDKROOT; };
		1FAA9AC519681083009BC2E0 /* UIKit.framework */ = {isa = PBXFileReference; lastKnownFileType = wrapper.framework; name = UIKit.framework; path = System/Library/Frameworks/UIKit.framework; sourceTree = SDKROOT; };
		1FAA9AC719681083009BC2E0 /* CoreData.framework */ = {isa = PBXFileReference; lastKnownFileType = wrapper.framework; name = CoreData.framework; path = System/Library/Frameworks/CoreData.framework; sourceTree = SDKROOT; };
		1FAA9ACB19681083009BC2E0 /* View Switcher-Info.plist */ = {isa = PBXFileReference; lastKnownFileType = text.plist.xml; path = "View Switcher-Info.plist"; sourceTree = "<group>"; };
		1FAA9ACD19681083009BC2E0 /* en */ = {isa = PBXFileReference; lastKnownFileType = text.plist.strings; name = en; path = en.lproj/InfoPlist.strings; sourceTree = "<group>"; };
		1FAA9ACF19681083009BC2E0 /* main.m */ = {isa = PBXFileReference; lastKnownFileType = sourcecode.c.objc; path = main.m; sourceTree = "<group>"; };
		1FAA9AD119681083009BC2E0 /* View Switcher-Prefix.pch */ = {isa = PBXFileReference; lastKnownFileType = sourcecode.c.h; path = "View Switcher-Prefix.pch"; sourceTree = "<group>"; };
		1FAA9AD219681083009BC2E0 /* BIDAppDelegate.h */ = {isa = PBXFileReference; lastKnownFileType = sourcecode.c.h; path = BIDAppDelegate.h; sourceTree = "<group>"; };
		1FAA9AD319681083009BC2E0 /* BIDAppDelegate.m */ = {isa = PBXFileReference; lastKnownFileType = sourcecode.c.objc; path = BIDAppDelegate.m; sourceTree = "<group>"; };
		1FAA9AD619681083009BC2E0 /* View_Switcher.xcdatamodel */ = {isa = PBXFileReference; lastKnownFileType = wrapper.xcdatamodel; path = View_Switcher.xcdatamodel; sourceTree = "<group>"; };
		1FAA9AD819681083009BC2E0 /* Images.xcassets */ = {isa = PBXFileReference; lastKnownFileType = folder.assetcatalog; path = Images.xcassets; sourceTree = "<group>"; };
		1FAA9ADE19681083009BC2E0 /* View SwitcherTests.xctest */ = {isa = PBXFileReference; explicitFileType = wrapper.cfbundle; includeInIndex = 0; path = "View SwitcherTests.xctest"; sourceTree = BUILT_PRODUCTS_DIR; };
		1FAA9ADF19681083009BC2E0 /* XCTest.framework */ = {isa = PBXFileReference; lastKnownFileType = wrapper.framework; name = XCTest.framework; path = Library/Frameworks/XCTest.framework; sourceTree = DEVELOPER_DIR; };
		1FAA9AE819681083009BC2E0 /* View SwitcherTests-Info.plist */ = {isa = PBXFileReference; lastKnownFileType = text.plist.xml; path = "View SwitcherTests-Info.plist"; sourceTree = "<group>"; };
		1FAA9AEA19681083009BC2E0 /* en */ = {isa = PBXFileReference; lastKnownFileType = text.plist.strings; name = en; path = en.lproj/InfoPlist.strings; sourceTree = "<group>"; };
		1FAA9AEC19681083009BC2E0 /* View_SwitcherTests.m */ = {isa = PBXFileReference; lastKnownFileType = sourcecode.c.objc; path = View_SwitcherTests.m; sourceTree = "<group>"; };
		1FAA9AF6196811B2009BC2E0 /* BIDSwitchViewController.h */ = {isa = PBXFileReference; fileEncoding = 4; lastKnownFileType = sourcecode.c.h; path = BIDSwitchViewController.h; sourceTree = "<group>"; };
		1FAA9AF7196811B2009BC2E0 /* BIDSwitchViewController.m */ = {isa = PBXFileReference; fileEncoding = 4; lastKnownFileType = sourcecode.c.objc; path = BIDSwitchViewController.m; sourceTree = "<group>"; };
		1FAA9AF919681222009BC2E0 /* BIDBlueViewController.h */ = {isa = PBXFileReference; fileEncoding = 4; lastKnownFileType = sourcecode.c.h; path = BIDBlueViewController.h; sourceTree = "<group>"; };
		1FAA9AFA19681222009BC2E0 /* BIDBlueViewController.m */ = {isa = PBXFileReference; fileEncoding = 4; lastKnownFileType = sourcecode.c.objc; path = BIDBlueViewController.m; sourceTree = "<group>"; };
		1FAA9AFC19681231009BC2E0 /* BIDYellowViewController.h */ = {isa = PBXFileReference; fileEncoding = 4; lastKnownFileType = sourcecode.c.h; path = BIDYellowViewController.h; sourceTree = "<group>"; };
		1FAA9AFD19681231009BC2E0 /* BIDYellowViewController.m */ = {isa = PBXFileReference; fileEncoding = 4; lastKnownFileType = sourcecode.c.objc; path = BIDYellowViewController.m; sourceTree = "<group>"; };
		1FAA9AFF19681275009BC2E0 /* Main.storyboard */ = {isa = PBXFileReference; fileEncoding = 4; lastKnownFileType = file.storyboard; path = Main.storyboard; sourceTree = "<group>"; };
		1FD80CDC19DCC5C700B52DA3 /* BIDGreenViewController.h */ = {isa = PBXFileReference; fileEncoding = 4; lastKnownFileType = sourcecode.c.h; path = BIDGreenViewController.h; sourceTree = "<group>"; };
		1FD80CDD19DCC5C700B52DA3 /* BIDGreenViewController.m */ = {isa = PBXFileReference; fileEncoding = 4; lastKnownFileType = sourcecode.c.objc; path = BIDGreenViewController.m; sourceTree = "<group>"; };
/* End PBXFileReference section */

/* Begin PBXFrameworksBuildPhase section */
		1FAA9ABB19681083009BC2E0 /* Frameworks */ = {
			isa = PBXFrameworksBuildPhase;
			buildActionMask = 2147483647;
			files = (
				1FAA9AC419681083009BC2E0 /* CoreGraphics.framework in Frameworks */,
				1FAA9AC819681083009BC2E0 /* CoreData.framework in Frameworks */,
				1FAA9AC619681083009BC2E0 /* UIKit.framework in Frameworks */,
				1FAA9AC219681083009BC2E0 /* Foundation.framework in Frameworks */,
			);
			runOnlyForDeploymentPostprocessing = 0;
		};
		1FAA9ADB19681083009BC2E0 /* Frameworks */ = {
			isa = PBXFrameworksBuildPhase;
			buildActionMask = 2147483647;
			files = (
				1FAA9AE019681083009BC2E0 /* XCTest.framework in Frameworks */,
				1FAA9AE319681083009BC2E0 /* CoreData.framework in Frameworks */,
				1FAA9AE219681083009BC2E0 /* UIKit.framework in Frameworks */,
				1FAA9AE119681083009BC2E0 /* Foundation.framework in Frameworks */,
			);
			runOnlyForDeploymentPostprocessing = 0;
		};
/* End PBXFrameworksBuildPhase section */

/* Begin PBXGroup section */
		1FAA9AB519681083009BC2E0 = {
			isa = PBXGroup;
			children = (
				1FAA9AC919681083009BC2E0 /* View Switcher */,
				1FAA9AE619681083009BC2E0 /* View SwitcherTests */,
				1FAA9AC019681083009BC2E0 /* Frameworks */,
				1FAA9ABF19681083009BC2E0 /* Products */,
			);
			sourceTree = "<group>";
		};
		1FAA9ABF19681083009BC2E0 /* Products */ = {
			isa = PBXGroup;
			children = (
				1FAA9ABE19681083009BC2E0 /* View Switcher.app */,
				1FAA9ADE19681083009BC2E0 /* View SwitcherTests.xctest */,
			);
			name = Products;
			sourceTree = "<group>";
		};
		1FAA9AC019681083009BC2E0 /* Frameworks */ = {
			isa = PBXGroup;
			children = (
				1FAA9AC119681083009BC2E0 /* Foundation.framework */,
				1FAA9AC319681083009BC2E0 /* CoreGraphics.framework */,
				1FAA9AC519681083009BC2E0 /* UIKit.framework */,
				1FAA9AC719681083009BC2E0 /* CoreData.framework */,
				1FAA9ADF19681083009BC2E0 /* XCTest.framework */,
			);
			name = Frameworks;
			sourceTree = "<group>";
		};
		1FAA9AC919681083009BC2E0 /* View Switcher */ = {
			isa = PBXGroup;
			children = (
				1FAA9AF919681222009BC2E0 /* BIDBlueViewController.h */,
				1FAA9AFA19681222009BC2E0 /* BIDBlueViewController.m */,
				1FAA9AFC19681231009BC2E0 /* BIDYellowViewController.h */,
				1FAA9AFD19681231009BC2E0 /* BIDYellowViewController.m */,
				1FAA9AF6196811B2009BC2E0 /* BIDSwitchViewController.h */,
				1FAA9AF7196811B2009BC2E0 /* BIDSwitchViewController.m */,
				1FAA9AFF19681275009BC2E0 /* Main.storyboard */,
				1FD80CDC19DCC5C700B52DA3 /* BIDGreenViewController.h */,
				1FD80CDD19DCC5C700B52DA3 /* BIDGreenViewController.m */,
				1FAA9AD219681083009BC2E0 /* BIDAppDelegate.h */,
				1FAA9AD319681083009BC2E0 /* BIDAppDelegate.m */,
				1FAA9AD819681083009BC2E0 /* Images.xcassets */,
				1FAA9AD519681083009BC2E0 /* View_Switcher.xcdatamodeld */,
				1FAA9ACA19681083009BC2E0 /* Supporting Files */,
			);
			path = "View Switcher";
			sourceTree = "<group>";
		};
		1FAA9ACA19681083009BC2E0 /* Supporting Files */ = {
			isa = PBXGroup;
			children = (
				1FAA9ACB19681083009BC2E0 /* View Switcher-Info.plist */,
				1FAA9ACC19681083009BC2E0 /* InfoPlist.strings */,
				1FAA9ACF19681083009BC2E0 /* main.m */,
				1FAA9AD119681083009BC2E0 /* View Switcher-Prefix.pch */,
			);
			name = "Supporting Files";
			sourceTree = "<group>";
		};
		1FAA9AE619681083009BC2E0 /* View SwitcherTests */ = {
			isa = PBXGroup;
			children = (
				1FAA9AEC19681083009BC2E0 /* View_SwitcherTests.m */,
				1FAA9AE719681083009BC2E0 /* Supporting Files */,
			);
			path = "View SwitcherTests";
			sourceTree = "<group>";
		};
		1FAA9AE719681083009BC2E0 /* Supporting Files */ = {
			isa = PBXGroup;
			children = (
				1FAA9AE819681083009BC2E0 /* View SwitcherTests-Info.plist */,
				1FAA9AE919681083009BC2E0 /* InfoPlist.strings */,
			);
			name = "Supporting Files";
			sourceTree = "<group>";
		};
/* End PBXGroup section */

/* Begin PBXNativeTarget section */
		1FAA9ABD19681083009BC2E0 /* View Switcher */ = {
			isa = PBXNativeTarget;
			buildConfigurationList = 1FAA9AF019681083009BC2E0 /* Build configuration list for PBXNativeTarget "View Switcher" */;
			buildPhases = (
				1FAA9ABA19681083009BC2E0 /* Sources */,
				1FAA9ABB19681083009BC2E0 /* Frameworks */,
				1FAA9ABC19681083009BC2E0 /* Resources */,
			);
			buildRules = (
			);
			dependencies = (
			);
			name = "View Switcher";
			productName = "View Switcher";
			productReference = 1FAA9ABE19681083009BC2E0 /* View Switcher.app */;
			productType = "com.apple.product-type.application";
		};
		1FAA9ADD19681083009BC2E0 /* View SwitcherTests */ = {
			isa = PBXNativeTarget;
			buildConfigurationList = 1FAA9AF319681083009BC2E0 /* Build configuration list for PBXNativeTarget "View SwitcherTests" */;
			buildPhases = (
				1FAA9ADA19681083009BC2E0 /* Sources */,
				1FAA9ADB19681083009BC2E0 /* Frameworks */,
				1FAA9ADC19681083009BC2E0 /* Resources */,
			);
			buildRules = (
			);
			dependencies = (
				1FAA9AE519681083009BC2E0 /* PBXTargetDependency */,
			);
			name = "View SwitcherTests";
			productName = "View SwitcherTests";
			productReference = 1FAA9ADE19681083009BC2E0 /* View SwitcherTests.xctest */;
			productType = "com.apple.product-type.bundle.unit-test";
		};
/* End PBXNativeTarget section */

/* Begin PBXProject section */
		1FAA9AB619681083009BC2E0 /* Project object */ = {
			isa = PBXProject;
			attributes = {
				CLASSPREFIX = BID;
				LastUpgradeCheck = 0510;
				ORGANIZATIONNAME = "IIT Roorkee";
				TargetAttributes = {
					1FAA9ADD19681083009BC2E0 = {
						TestTargetID = 1FAA9ABD19681083009BC2E0;
					};
				};
			};
			buildConfigurationList = 1FAA9AB919681083009BC2E0 /* Build configuration list for PBXProject "View Switcher" */;
			compatibilityVersion = "Xcode 3.2";
			developmentRegion = English;
			hasScannedForEncodings = 0;
			knownRegions = (
				en,
			);
			mainGroup = 1FAA9AB519681083009BC2E0;
			productRefGroup = 1FAA9ABF19681083009BC2E0 /* Products */;
			projectDirPath = "";
			projectRoot = "";
			targets = (
				1FAA9ABD19681083009BC2E0 /* View Switcher */,
				1FAA9ADD19681083009BC2E0 /* View SwitcherTests */,
			);
		};
/* End PBXProject section */

/* Begin PBXResourcesBuildPhase section */
		1FAA9ABC19681083009BC2E0 /* Resources */ = {
			isa = PBXResourcesBuildPhase;
			buildActionMask = 2147483647;
			files = (
				1FAA9B0019681275009BC2E0 /* Main.storyboard in Resources */,
				1FAA9ACE19681083009BC2E0 /* InfoPlist.strings in Resources */,
				1FAA9AD919681083009BC2E0 /* Images.xcassets in Resources */,
			);
			runOnlyForDeploymentPostprocessing = 0;
		};
		1FAA9ADC19681083009BC2E0 /* Resources */ = {
			isa = PBXResourcesBuildPhase;
			buildActionMask = 2147483647;
			files = (
				1FAA9AEB19681083009BC2E0 /* InfoPlist.strings in Resources */,
			);
			runOnlyForDeploymentPostprocessing = 0;
		};
/* End PBXResourcesBuildPhase section */

/* Begin PBXSourcesBuildPhase section */
		1FAA9ABA19681083009BC2E0 /* Sources */ = {
			isa = PBXSourcesBuildPhase;
			buildActionMask = 2147483647;
			files = (
				1FAA9AF8196811B2009BC2E0 /* BIDSwitchViewController.m in Sources */,
				1FAA9AD719681083009BC2E0 /* View_Switcher.xcdatamodeld in Sources */,
				1FAA9AD419681083009BC2E0 /* BIDAppDelegate.m in Sources */,
				1FAA9AFB19681222009BC2E0 /* BIDBlueViewController.m in Sources */,
				1FD80CDE19DCC5C700B52DA3 /* BIDGreenViewController.m in Sources */,
				1FAA9AFE19681231009BC2E0 /* BIDYellowViewController.m in Sources */,
				1FAA9AD019681083009BC2E0 /* main.m in Sources */,
			);
			runOnlyForDeploymentPostprocessing = 0;
		};
		1FAA9ADA19681083009BC2E0 /* Sources */ = {
			isa = PBXSourcesBuildPhase;
			buildActionMask = 2147483647;
			files = (
				1FAA9AED19681083009BC2E0 /* View_SwitcherTests.m in Sources */,
			);
			runOnlyForDeploymentPostprocessing = 0;
		};
/* End PBXSourcesBuildPhase section */

/* Begin PBXTargetDependency section */
		1FAA9AE519681083009BC2E0 /* PBXTargetDependency */ = {
			isa = PBXTargetDependency;
			target = 1FAA9ABD19681083009BC2E0 /* View Switcher */;
			targetProxy = 1FAA9AE419681083009BC2E0 /* PBXContainerItemProxy */;
		};
/* End PBXTargetDependency section */

/* Begin PBXVariantGroup section */
		1FAA9ACC19681083009BC2E0 /* InfoPlist.strings */ = {
			isa = PBXVariantGroup;
			children = (
				1FAA9ACD19681083009BC2E0 /* en */,
			);
			name = InfoPlist.strings;
			sourceTree = "<group>";
		};
		1FAA9AE919681083009BC2E0 /* InfoPlist.strings */ = {
			isa = PBXVariantGroup;
			children = (
				1FAA9AEA19681083009BC2E0 /* en */,
			);
			name = InfoPlist.strings;
			sourceTree = "<group>";
		};
/* End PBXVariantGroup section */

/* Begin XCBuildConfiguration section */
		1FAA9AEE19681083009BC2E0 /* Debug */ = {
			isa = XCBuildConfiguration;
			buildSettings = {
				ALWAYS_SEARCH_USER_PATHS = NO;
				CLANG_CXX_LANGUAGE_STANDARD = "gnu++0x";
				CLANG_CXX_LIBRARY = "libc++";
				CLANG_ENABLE_MODULES = YES;
				CLANG_ENABLE_OBJC_ARC = YES;
				CLANG_WARN_BOOL_CONVERSION = YES;
				CLANG_WARN_CONSTANT_CONVERSION = YES;
				CLANG_WARN_DIRECT_OBJC_ISA_USAGE = YES_ERROR;
				CLANG_WARN_EMPTY_BODY = YES;
				CLANG_WARN_ENUM_CONVERSION = YES;
				CLANG_WARN_INT_CONVERSION = YES;
				CLANG_WARN_OBJC_ROOT_CLASS = YES_ERROR;
				CLANG_WARN__DUPLICATE_METHOD_MATCH = YES;
				"CODE_SIGN_IDENTITY[sdk=iphoneos*]" = "iPhone Developer";
				COPY_PHASE_STRIP = NO;
				GCC_C_LANGUAGE_STANDARD = gnu99;
				GCC_DYNAMIC_NO_PIC = NO;
				GCC_OPTIMIZATION_LEVEL = 0;
				GCC_PREPROCESSOR_DEFINITIONS = (
					"DEBUG=1",
					"$(inherited)",
				);
				GCC_SYMBOLS_PRIVATE_EXTERN = NO;
				GCC_WARN_64_TO_32_BIT_CONVERSION = YES;
				GCC_WARN_ABOUT_RETURN_TYPE = YES_ERROR;
				GCC_WARN_UNDECLARED_SELECTOR = YES;
				GCC_WARN_UNINITIALIZED_AUTOS = YES_AGGRESSIVE;
				GCC_WARN_UNUSED_FUNCTION = YES;
				GCC_WARN_UNUSED_VARIABLE = YES;
				IPHONEOS_DEPLOYMENT_TARGET = 7.1;
				ONLY_ACTIVE_ARCH = YES;
				SDKROOT = iphoneos;
			};
			name = Debug;
		};
		1FAA9AEF19681083009BC2E0 /* Release */ = {
			isa = XCBuildConfiguration;
			buildSettings = {
				ALWAYS_SEARCH_USER_PATHS = NO;
				CLANG_CXX_LANGUAGE_STANDARD = "gnu++0x";
				CLANG_CXX_LIBRARY = "libc++";
				CLANG_ENABLE_MODULES = YES;
				CLANG_ENABLE_OBJC_ARC = YES;
				CLANG_WARN_BOOL_CONVERSION = YES;
				CLANG_WARN_CONSTANT_CONVERSION = YES;
				CLANG_WARN_DIRECT_OBJC_ISA_USAGE = YES_ERROR;
				CLANG_WARN_EMPTY_BODY = YES;
				CLANG_WARN_ENUM_CONVERSION = YES;
				CLANG_WARN_INT_CONVERSION = YES;
				CLANG_WARN_OBJC_ROOT_CLASS = YES_ERROR;
				CLANG_WARN__DUPLICATE_METHOD_MATCH = YES;
				"CODE_SIGN_IDENTITY[sdk=iphoneos*]" = "iPhone Developer";
				COPY_PHASE_STRIP = YES;
				ENABLE_NS_ASSERTIONS = NO;
				GCC_C_LANGUAGE_STANDARD = gnu99;
				GCC_WARN_64_TO_32_BIT_CONVERSION = YES;
				GCC_WARN_ABOUT_RETURN_TYPE = YES_ERROR;
				GCC_WARN_UNDECLARED_SELECTOR = YES;
				GCC_WARN_UNINITIALIZED_AUTOS = YES_AGGRESSIVE;
				GCC_WARN_UNUSED_FUNCTION = YES;
				GCC_WARN_UNUSED_VARIABLE = YES;
				IPHONEOS_DEPLOYMENT_TARGET = 7.1;
				SDKROOT = iphoneos;
				VALIDATE_PRODUCT = YES;
			};
			name = Release;
		};
		1FAA9AF119681083009BC2E0 /* Debug */ = {
			isa = XCBuildConfiguration;
			buildSettings = {
				ASSETCATALOG_COMPILER_APPICON_NAME = AppIcon;
				ASSETCATALOG_COMPILER_LAUNCHIMAGE_NAME = LaunchImage;
				GCC_PRECOMPILE_PREFIX_HEADER = YES;
				GCC_PREFIX_HEADER = "View Switcher/View Switcher-Prefix.pch";
				INFOPLIST_FILE = "View Switcher/View Switcher-Info.plist";
				PRODUCT_NAME = "$(TARGET_NAME)";
				WRAPPER_EXTENSION = app;
			};
			name = Debug;
		};
		1FAA9AF219681083009BC2E0 /* Release */ = {
			isa = XCBuildConfiguration;
			buildSettings = {
				ASSETCATALOG_COMPILER_APPICON_NAME = AppIcon;
				ASSETCATALOG_COMPILER_LAUNCHIMAGE_NAME = LaunchImage;
				GCC_PRECOMPILE_PREFIX_HEADER = YES;
				GCC_PREFIX_HEADER = "View Switcher/View Switcher-Prefix.pch";
				INFOPLIST_FILE = "View Switcher/View Switcher-Info.plist";
				PRODUCT_NAME = "$(TARGET_NAME)";
				WRAPPER_EXTENSION = app;
			};
			name = Release;
		};
		1FAA9AF419681083009BC2E0 /* Debug */ = {
			isa = XCBuildConfiguration;
			buildSettings = {
				BUNDLE_LOADER = "$(BUILT_PRODUCTS_DIR)/View Switcher.app/View Switcher";
				FRAMEWORK_SEARCH_PATHS = (
					"$(SDKROOT)/Developer/Library/Frameworks",
					"$(inherited)",
					"$(DEVELOPER_FRAMEWORKS_DIR)",
				);
				GCC_PRECOMPILE_PREFIX_HEADER = YES;
				GCC_PREFIX_HEADER = "View Switcher/View Switcher-Prefix.pch";
				GCC_PREPROCESSOR_DEFINITIONS = (
					"DEBUG=1",
					"$(inherited)",
				);
				INFOPLIST_FILE = "View SwitcherTests/View SwitcherTests-Info.plist";
				PRODUCT_NAME = "$(TARGET_NAME)";
				TEST_HOST = "$(BUNDLE_LOADER)";
				WRAPPER_EXTENSION = xctest;
			};
			name = Debug;
		};
		1FAA9AF519681083009BC2E0 /* Release */ = {
			isa = XCBuildConfiguration;
			buildSettings = {
				BUNDLE_LOADER = "$(BUILT_PRODUCTS_DIR)/View Switcher.app/View Switcher";
				FRAMEWORK_SEARCH_PATHS = (
					"$(SDKROOT)/Developer/Library/Frameworks",
					"$(inherited)",
					"$(DEVELOPER_FRAMEWORKS_DIR)",
				);
				GCC_PRECOMPILE_PREFIX_HEADER = YES;
				GCC_PREFIX_HEADER = "View Switcher/View Switcher-Prefix.pch";
				INFOPLIST_FILE = "View SwitcherTests/View SwitcherTests-Info.plist";
				PRODUCT_NAME = "$(TARGET_NAME)";
				TEST_HOST = "$(BUNDLE_LOADER)";
				WRAPPER_EXTENSION = xctest;
			};
			name = Release;
		};
/* End XCBuildConfiguration section */

/* Begin XCConfigurationList section */
		1FAA9AB919681083009BC2E0 /* Build configuration list for PBXProject "View Switcher" */ = {
			isa = XCConfigurationList;
			buildConfigurations = (
				1FAA9AEE19681083009BC2E0 /* Debug */,
				1FAA9AEF19681083009BC2E0 /* Release */,
			);
			defaultConfigurationIsVisible = 0;
			defaultConfigurationName = Release;
		};
		1FAA9AF019681083009BC2E0 /* Build configuration list for PBXNativeTarget "View Switcher" */ = {
			isa = XCConfigurationList;
			buildConfigurations = (
				1FAA9AF119681083009BC2E0 /* Debug */,
				1FAA9AF219681083009BC2E0 /* Release */,
			);
			defaultConfigurationIsVisible = 0;
			defaultConfigurationName = Release;
		};
		1FAA9AF319681083009BC2E0 /* Build configuration list for PBXNativeTarget "View SwitcherTests" */ = {
			isa = XCConfigurationList;
			buildConfigurations = (
				1FAA9AF419681083009BC2E0 /* Debug */,
				1FAA9AF519681083009BC2E0 /* Release */,
			);
			defaultConfigurationIsVisible = 0;
			defaultConfigurationName = Release;
		};
/* End XCConfigurationList section */

/* Begin XCVersionGroup section */
		1FAA9AD519681083009BC2E0 /* View_Switcher.xcdatamodeld */ = {
			isa = XCVersionGroup;
			children = (
				1FAA9AD619681083009BC2E0 /* View_Switcher.xcdatamodel */,
			);
			currentVersion = 1FAA9AD619681083009BC2E0 /* View_Switcher.xcdatamodel */;
			path = View_Switcher.xcdatamodeld;
			sourceTree = "<group>";
			versionGroupType = wrapper.xcdatamodel;
		};
/* End XCVersionGroup section */
	};
	rootObject = 1FAA9AB619681083009BC2E0 /* Project object */;
}
